<?xml version="1.0" encoding="utf-8"?>
<Project ToolsVersion="4.0" xmlns="http://schemas.microsoft.com/developer/msbuild/2003">
  <ItemGroup>
    <Filter Include="Source Files">
      <UniqueIdentifier>{4FC737F1-C7A5-4376-A066-2A32D752A2FF}</UniqueIdentifier>
      <Extensions>cpp;c;cc;cxx;def;odl;idl;hpj;bat;asm;asmx</Extensions>
    </Filter>
    <Filter Include="Header Files">
      <UniqueIdentifier>{93995380-89BD-4b04-88EB-625FBE52EBFB}</UniqueIdentifier>
      <Extensions>h;hpp;hxx;hm;inl;inc;xsd</Extensions>
    </Filter>
    <Filter Include="Resource Files">
      <UniqueIdentifier>{67DA6AB6-F800-4c08-8B7A-83BB121AAD01}</UniqueIdentifier>
      <Extensions>rc;ico;cur;bmp;dlg;rc2;rct;bin;rgs;gif;jpg;jpeg;jpe;resx;tiff;tif;png;wav;mfcribbon-ms</Extensions>
    </Filter>
    <Filter Include="Header Files\unicode">
      <UniqueIdentifier>{41568664-6565-4c90-af06-dbc63950fbaf}</UniqueIdentifier>
    </Filter>
    <Filter Include="Source Files\common">
      <UniqueIdentifier>{fc6e1ef8-dc2e-44ed-89b1-6cd8418917f9}</UniqueIdentifier>
    </Filter>
    <Filter Include="Source Files\i18n">
      <UniqueIdentifier>{720659bf-15c4-46dd-92b3-3b3c8f22775f}</UniqueIdentifier>
    </Filter>
  </ItemGroup>
  <ItemGroup>
    <ClInclude Include="include\unicode\alphaindex.h">
      <Filter>Header Files\unicode</Filter>
    </ClInclude>
    <ClInclude Include="include\unicode\appendable.h">
      <Filter>Header Files\unicode</Filter>
    </ClInclude>
    <ClInclude Include="include\unicode\basictz.h">
      <Filter>Header Files\unicode</Filter>
    </ClInclude>
    <ClInclude Include="include\unicode\brkiter.h">
      <Filter>Header Files\unicode</Filter>
    </ClInclude>
    <ClInclude Include="include\unicode\bytestream.h">
      <Filter>Header Files\unicode</Filter>
    </ClInclude>
    <ClInclude Include="include\unicode\bytestrie.h">
      <Filter>Header Files\unicode</Filter>
    </ClInclude>
    <ClInclude Include="include\unicode\bytestriebuilder.h">
      <Filter>Header Files\unicode</Filter>
    </ClInclude>
    <ClInclude Include="include\unicode\calendar.h">
      <Filter>Header Files\unicode</Filter>
    </ClInclude>
    <ClInclude Include="include\unicode\caniter.h">
      <Filter>Header Files\unicode</Filter>
    </ClInclude>
    <ClInclude Include="include\unicode\chariter.h">
      <Filter>Header Files\unicode</Filter>
    </ClInclude>
    <ClInclude Include="include\unicode\choicfmt.h">
      <Filter>Header Files\unicode</Filter>
    </ClInclude>
    <ClInclude Include="include\unicode\coleitr.h">
      <Filter>Header Files\unicode</Filter>
    </ClInclude>
    <ClInclude Include="include\unicode\coll.h">
      <Filter>Header Files\unicode</Filter>
    </ClInclude>
    <ClInclude Include="include\unicode\compactdecimalformat.h">
      <Filter>Header Files\unicode</Filter>
    </ClInclude>
    <ClInclude Include="include\unicode\curramt.h">
      <Filter>Header Files\unicode</Filter>
    </ClInclude>
    <ClInclude Include="include\unicode\currpinf.h">
      <Filter>Header Files\unicode</Filter>
    </ClInclude>
    <ClInclude Include="include\unicode\currunit.h">
      <Filter>Header Files\unicode</Filter>
    </ClInclude>
    <ClInclude Include="include\unicode\datefmt.h">
      <Filter>Header Files\unicode</Filter>
    </ClInclude>
    <ClInclude Include="include\unicode\dbbi.h">
      <Filter>Header Files\unicode</Filter>
    </ClInclude>
    <ClInclude Include="include\unicode\dcfmtsym.h">
      <Filter>Header Files\unicode</Filter>
    </ClInclude>
    <ClInclude Include="include\unicode\decimfmt.h">
      <Filter>Header Files\unicode</Filter>
    </ClInclude>
    <ClInclude Include="include\unicode\docmain.h">
      <Filter>Header Files\unicode</Filter>
    </ClInclude>
    <ClInclude Include="include\unicode\dtfmtsym.h">
      <Filter>Header Files\unicode</Filter>
    </ClInclude>
    <ClInclude Include="include\unicode\dtintrv.h">
      <Filter>Header Files\unicode</Filter>
    </ClInclude>
    <ClInclude Include="include\unicode\dtitvfmt.h">
      <Filter>Header Files\unicode</Filter>
    </ClInclude>
    <ClInclude Include="include\unicode\dtitvinf.h">
      <Filter>Header Files\unicode</Filter>
    </ClInclude>
    <ClInclude Include="include\unicode\dtptngen.h">
      <Filter>Header Files\unicode</Filter>
    </ClInclude>
    <ClInclude Include="include\unicode\dtrule.h">
      <Filter>Header Files\unicode</Filter>
    </ClInclude>
    <ClInclude Include="include\unicode\enumset.h">
      <Filter>Header Files\unicode</Filter>
    </ClInclude>
    <ClInclude Include="include\unicode\errorcode.h">
      <Filter>Header Files\unicode</Filter>
    </ClInclude>
    <ClInclude Include="include\unicode\fieldpos.h">
      <Filter>Header Files\unicode</Filter>
    </ClInclude>
    <ClInclude Include="include\unicode\filteredbrk.h">
      <Filter>Header Files\unicode</Filter>
    </ClInclude>
    <ClInclude Include="include\unicode\fmtable.h">
      <Filter>Header Files\unicode</Filter>
    </ClInclude>
    <ClInclude Include="include\unicode\format.h">
      <Filter>Header Files\unicode</Filter>
    </ClInclude>
    <ClInclude Include="include\unicode\fpositer.h">
      <Filter>Header Files\unicode</Filter>
    </ClInclude>
    <ClInclude Include="include\unicode\gender.h">
      <Filter>Header Files\unicode</Filter>
    </ClInclude>
    <ClInclude Include="include\unicode\gregocal.h">
      <Filter>Header Files\unicode</Filter>
    </ClInclude>
    <ClInclude Include="include\unicode\icudataver.h">
      <Filter>Header Files\unicode</Filter>
    </ClInclude>
    <ClInclude Include="include\unicode\icuplug.h">
      <Filter>Header Files\unicode</Filter>
    </ClInclude>
    <ClInclude Include="include\unicode\idna.h">
      <Filter>Header Files\unicode</Filter>
    </ClInclude>
    <ClInclude Include="include\unicode\listformatter.h">
      <Filter>Header Files\unicode</Filter>
    </ClInclude>
    <ClInclude Include="include\unicode\localpointer.h">
      <Filter>Header Files\unicode</Filter>
    </ClInclude>
    <ClInclude Include="include\unicode\locdspnm.h">
      <Filter>Header Files\unicode</Filter>
    </ClInclude>
    <ClInclude Include="include\unicode\locid.h">
      <Filter>Header Files\unicode</Filter>
    </ClInclude>
    <ClInclude Include="include\unicode\measfmt.h">
      <Filter>Header Files\unicode</Filter>
    </ClInclude>
    <ClInclude Include="include\unicode\measunit.h">
      <Filter>Header Files\unicode</Filter>
    </ClInclude>
    <ClInclude Include="include\unicode\measure.h">
      <Filter>Header Files\unicode</Filter>
    </ClInclude>
    <ClInclude Include="include\unicode\messagepattern.h">
      <Filter>Header Files\unicode</Filter>
    </ClInclude>
    <ClInclude Include="include\unicode\msgfmt.h">
      <Filter>Header Files\unicode</Filter>
    </ClInclude>
    <ClInclude Include="include\unicode\normalizer2.h">
      <Filter>Header Files\unicode</Filter>
    </ClInclude>
    <ClInclude Include="include\unicode\normlzr.h">
      <Filter>Header Files\unicode</Filter>
    </ClInclude>
    <ClInclude Include="include\unicode\numfmt.h">
      <Filter>Header Files\unicode</Filter>
    </ClInclude>
    <ClInclude Include="include\unicode\numsys.h">
      <Filter>Header Files\unicode</Filter>
    </ClInclude>
    <ClInclude Include="include\unicode\parseerr.h">
      <Filter>Header Files\unicode</Filter>
    </ClInclude>
    <ClInclude Include="include\unicode\parsepos.h">
      <Filter>Header Files\unicode</Filter>
    </ClInclude>
    <ClInclude Include="include\unicode\platform.h">
      <Filter>Header Files\unicode</Filter>
    </ClInclude>
    <ClInclude Include="include\unicode\plurfmt.h">
      <Filter>Header Files\unicode</Filter>
    </ClInclude>
    <ClInclude Include="include\unicode\plurrule.h">
      <Filter>Header Files\unicode</Filter>
    </ClInclude>
    <ClInclude Include="include\unicode\ptypes.h">
      <Filter>Header Files\unicode</Filter>
    </ClInclude>
    <ClInclude Include="include\unicode\putil.h">
      <Filter>Header Files\unicode</Filter>
    </ClInclude>
    <ClInclude Include="include\unicode\rbbi.h">
      <Filter>Header Files\unicode</Filter>
    </ClInclude>
    <ClInclude Include="include\unicode\rbnf.h">
      <Filter>Header Files\unicode</Filter>
    </ClInclude>
    <ClInclude Include="include\unicode\rbtz.h">
      <Filter>Header Files\unicode</Filter>
    </ClInclude>
    <ClInclude Include="include\unicode\regex.h">
      <Filter>Header Files\unicode</Filter>
    </ClInclude>
    <ClInclude Include="include\unicode\region.h">
      <Filter>Header Files\unicode</Filter>
    </ClInclude>
    <ClInclude Include="include\unicode\reldatefmt.h">
      <Filter>Header Files\unicode</Filter>
    </ClInclude>
    <ClInclude Include="include\unicode\rep.h">
      <Filter>Header Files\unicode</Filter>
    </ClInclude>
    <ClInclude Include="include\unicode\resbund.h">
      <Filter>Header Files\unicode</Filter>
    </ClInclude>
    <ClInclude Include="include\unicode\schriter.h">
      <Filter>Header Files\unicode</Filter>
    </ClInclude>
    <ClInclude Include="include\unicode\scientificnumberformatter.h">
      <Filter>Header Files\unicode</Filter>
    </ClInclude>
    <ClInclude Include="include\unicode\search.h">
      <Filter>Header Files\unicode</Filter>
    </ClInclude>
    <ClInclude Include="include\unicode\selfmt.h">
      <Filter>Header Files\unicode</Filter>
    </ClInclude>
    <ClInclude Include="include\unicode\simpleformatter.h">
      <Filter>Header Files\unicode</Filter>
    </ClInclude>
    <ClInclude Include="include\unicode\simpletz.h">
      <Filter>Header Files\unicode</Filter>
    </ClInclude>
    <ClInclude Include="include\unicode\smpdtfmt.h">
      <Filter>Header Files\unicode</Filter>
    </ClInclude>
    <ClInclude Include="include\unicode\sortkey.h">
      <Filter>Header Files\unicode</Filter>
    </ClInclude>
    <ClInclude Include="include\unicode\std_string.h">
      <Filter>Header Files\unicode</Filter>
    </ClInclude>
    <ClInclude Include="include\unicode\strenum.h">
      <Filter>Header Files\unicode</Filter>
    </ClInclude>
    <ClInclude Include="include\unicode\stringpiece.h">
      <Filter>Header Files\unicode</Filter>
    </ClInclude>
    <ClInclude Include="include\unicode\stringtriebuilder.h">
      <Filter>Header Files\unicode</Filter>
    </ClInclude>
    <ClInclude Include="include\unicode\stsearch.h">
      <Filter>Header Files\unicode</Filter>
    </ClInclude>
    <ClInclude Include="include\unicode\symtable.h">
      <Filter>Header Files\unicode</Filter>
    </ClInclude>
    <ClInclude Include="include\unicode\tblcoll.h">
      <Filter>Header Files\unicode</Filter>
    </ClInclude>
    <ClInclude Include="include\unicode\timezone.h">
      <Filter>Header Files\unicode</Filter>
    </ClInclude>
    <ClInclude Include="include\unicode\tmunit.h">
      <Filter>Header Files\unicode</Filter>
    </ClInclude>
    <ClInclude Include="include\unicode\tmutamt.h">
      <Filter>Header Files\unicode</Filter>
    </ClInclude>
    <ClInclude Include="include\unicode\tmutfmt.h">
      <Filter>Header Files\unicode</Filter>
    </ClInclude>
    <ClInclude Include="include\unicode\translit.h">
      <Filter>Header Files\unicode</Filter>
    </ClInclude>
    <ClInclude Include="include\unicode\tzfmt.h">
      <Filter>Header Files\unicode</Filter>
    </ClInclude>
    <ClInclude Include="include\unicode\tznames.h">
      <Filter>Header Files\unicode</Filter>
    </ClInclude>
    <ClInclude Include="include\unicode\tzrule.h">
      <Filter>Header Files\unicode</Filter>
    </ClInclude>
    <ClInclude Include="include\unicode\tztrans.h">
      <Filter>Header Files\unicode</Filter>
    </ClInclude>
    <ClInclude Include="include\unicode\ubidi.h">
      <Filter>Header Files\unicode</Filter>
    </ClInclude>
    <ClInclude Include="include\unicode\ubrk.h">
      <Filter>Header Files\unicode</Filter>
    </ClInclude>
    <ClInclude Include="include\unicode\ucal.h">
      <Filter>Header Files\unicode</Filter>
    </ClInclude>
    <ClInclude Include="include\unicode\ucasemap.h">
      <Filter>Header Files\unicode</Filter>
    </ClInclude>
    <ClInclude Include="include\unicode\ucat.h">
      <Filter>Header Files\unicode</Filter>
    </ClInclude>
    <ClInclude Include="include\unicode\uchar.h">
      <Filter>Header Files\unicode</Filter>
    </ClInclude>
    <ClInclude Include="include\unicode\ucharstrie.h">
      <Filter>Header Files\unicode</Filter>
    </ClInclude>
    <ClInclude Include="include\unicode\ucharstriebuilder.h">
      <Filter>Header Files\unicode</Filter>
    </ClInclude>
    <ClInclude Include="include\unicode\uchriter.h">
      <Filter>Header Files\unicode</Filter>
    </ClInclude>
    <ClInclude Include="include\unicode\uclean.h">
      <Filter>Header Files\unicode</Filter>
    </ClInclude>
    <ClInclude Include="include\unicode\ucnv.h">
      <Filter>Header Files\unicode</Filter>
    </ClInclude>
    <ClInclude Include="include\unicode\ucnv_cb.h">
      <Filter>Header Files\unicode</Filter>
    </ClInclude>
    <ClInclude Include="include\unicode\ucnv_err.h">
      <Filter>Header Files\unicode</Filter>
    </ClInclude>
    <ClInclude Include="include\unicode\ucnvsel.h">
      <Filter>Header Files\unicode</Filter>
    </ClInclude>
    <ClInclude Include="include\unicode\ucol.h">
      <Filter>Header Files\unicode</Filter>
    </ClInclude>
    <ClInclude Include="include\unicode\ucoleitr.h">
      <Filter>Header Files\unicode</Filter>
    </ClInclude>
    <ClInclude Include="include\unicode\uconfig.h">
      <Filter>Header Files\unicode</Filter>
    </ClInclude>
    <ClInclude Include="include\unicode\ucsdet.h">
      <Filter>Header Files\unicode</Filter>
    </ClInclude>
    <ClInclude Include="include\unicode\ucurr.h">
      <Filter>Header Files\unicode</Filter>
    </ClInclude>
    <ClInclude Include="include\unicode\udat.h">
      <Filter>Header Files\unicode</Filter>
    </ClInclude>
    <ClInclude Include="include\unicode\udata.h">
      <Filter>Header Files\unicode</Filter>
    </ClInclude>
    <ClInclude Include="include\unicode\udateintervalformat.h">
      <Filter>Header Files\unicode</Filter>
    </ClInclude>
    <ClInclude Include="include\unicode\udatpg.h">
      <Filter>Header Files\unicode</Filter>
    </ClInclude>
    <ClInclude Include="include\unicode\udisplaycontext.h">
      <Filter>Header Files\unicode</Filter>
    </ClInclude>
    <ClInclude Include="include\unicode\uenum.h">
      <Filter>Header Files\unicode</Filter>
    </ClInclude>
    <ClInclude Include="include\unicode\ufieldpositer.h">
      <Filter>Header Files\unicode</Filter>
    </ClInclude>
    <ClInclude Include="include\unicode\uformattable.h">
      <Filter>Header Files\unicode</Filter>
    </ClInclude>
    <ClInclude Include="include\unicode\ugender.h">
      <Filter>Header Files\unicode</Filter>
    </ClInclude>
    <ClInclude Include="include\unicode\uidna.h">
      <Filter>Header Files\unicode</Filter>
    </ClInclude>
    <ClInclude Include="include\unicode\uiter.h">
      <Filter>Header Files\unicode</Filter>
    </ClInclude>
    <ClInclude Include="include\unicode\uldnames.h">
      <Filter>Header Files\unicode</Filter>
    </ClInclude>
    <ClInclude Include="include\unicode\ulistformatter.h">
      <Filter>Header Files\unicode</Filter>
    </ClInclude>
    <ClInclude Include="include\unicode\uloc.h">
      <Filter>Header Files\unicode</Filter>
    </ClInclude>
    <ClInclude Include="include\unicode\ulocdata.h">
      <Filter>Header Files\unicode</Filter>
    </ClInclude>
    <ClInclude Include="include\unicode\umachine.h">
      <Filter>Header Files\unicode</Filter>
    </ClInclude>
    <ClInclude Include="include\unicode\umisc.h">
      <Filter>Header Files\unicode</Filter>
    </ClInclude>
    <ClInclude Include="include\unicode\umsg.h">
      <Filter>Header Files\unicode</Filter>
    </ClInclude>
    <ClInclude Include="include\unicode\unifilt.h">
      <Filter>Header Files\unicode</Filter>
    </ClInclude>
    <ClInclude Include="include\unicode\unifunct.h">
      <Filter>Header Files\unicode</Filter>
    </ClInclude>
    <ClInclude Include="include\unicode\unimatch.h">
      <Filter>Header Files\unicode</Filter>
    </ClInclude>
    <ClInclude Include="include\unicode\unirepl.h">
      <Filter>Header Files\unicode</Filter>
    </ClInclude>
    <ClInclude Include="include\unicode\uniset.h">
      <Filter>Header Files\unicode</Filter>
    </ClInclude>
    <ClInclude Include="include\unicode\unistr.h">
      <Filter>Header Files\unicode</Filter>
    </ClInclude>
    <ClInclude Include="include\unicode\unorm.h">
      <Filter>Header Files\unicode</Filter>
    </ClInclude>
    <ClInclude Include="include\unicode\unorm2.h">
      <Filter>Header Files\unicode</Filter>
    </ClInclude>
    <ClInclude Include="include\unicode\unum.h">
      <Filter>Header Files\unicode</Filter>
    </ClInclude>
    <ClInclude Include="include\unicode\unumsys.h">
      <Filter>Header Files\unicode</Filter>
    </ClInclude>
    <ClInclude Include="include\unicode\uobject.h">
      <Filter>Header Files\unicode</Filter>
    </ClInclude>
    <ClInclude Include="include\unicode\upluralrules.h">
      <Filter>Header Files\unicode</Filter>
    </ClInclude>
    <ClInclude Include="include\unicode\uregex.h">
      <Filter>Header Files\unicode</Filter>
    </ClInclude>
    <ClInclude Include="include\unicode\uregion.h">
      <Filter>Header Files\unicode</Filter>
    </ClInclude>
    <ClInclude Include="include\unicode\ureldatefmt.h">
      <Filter>Header Files\unicode</Filter>
    </ClInclude>
    <ClInclude Include="include\unicode\urename.h">
      <Filter>Header Files\unicode</Filter>
    </ClInclude>
    <ClInclude Include="include\unicode\urep.h">
      <Filter>Header Files\unicode</Filter>
    </ClInclude>
    <ClInclude Include="include\unicode\ures.h">
      <Filter>Header Files\unicode</Filter>
    </ClInclude>
    <ClInclude Include="include\unicode\uscript.h">
      <Filter>Header Files\unicode</Filter>
    </ClInclude>
    <ClInclude Include="include\unicode\usearch.h">
      <Filter>Header Files\unicode</Filter>
    </ClInclude>
    <ClInclude Include="include\unicode\uset.h">
      <Filter>Header Files\unicode</Filter>
    </ClInclude>
    <ClInclude Include="include\unicode\usetiter.h">
      <Filter>Header Files\unicode</Filter>
    </ClInclude>
    <ClInclude Include="include\unicode\ushape.h">
      <Filter>Header Files\unicode</Filter>
    </ClInclude>
    <ClInclude Include="include\unicode\uspoof.h">
      <Filter>Header Files\unicode</Filter>
    </ClInclude>
    <ClInclude Include="include\unicode\usprep.h">
      <Filter>Header Files\unicode</Filter>
    </ClInclude>
    <ClInclude Include="include\unicode\ustring.h">
      <Filter>Header Files\unicode</Filter>
    </ClInclude>
    <ClInclude Include="include\unicode\ustringtrie.h">
      <Filter>Header Files\unicode</Filter>
    </ClInclude>
    <ClInclude Include="include\unicode\utext.h">
      <Filter>Header Files\unicode</Filter>
    </ClInclude>
    <ClInclude Include="include\unicode\utf.h">
      <Filter>Header Files\unicode</Filter>
    </ClInclude>
    <ClInclude Include="include\unicode\utf_old.h">
      <Filter>Header Files\unicode</Filter>
    </ClInclude>
    <ClInclude Include="include\unicode\utf8.h">
      <Filter>Header Files\unicode</Filter>
    </ClInclude>
    <ClInclude Include="include\unicode\utf16.h">
      <Filter>Header Files\unicode</Filter>
    </ClInclude>
    <ClInclude Include="include\unicode\utf32.h">
      <Filter>Header Files\unicode</Filter>
    </ClInclude>
    <ClInclude Include="include\unicode\utmscale.h">
      <Filter>Header Files\unicode</Filter>
    </ClInclude>
    <ClInclude Include="include\unicode\utrace.h">
      <Filter>Header Files\unicode</Filter>
    </ClInclude>
    <ClInclude Include="include\unicode\utrans.h">
      <Filter>Header Files\unicode</Filter>
    </ClInclude>
    <ClInclude Include="include\unicode\utypes.h">
      <Filter>Header Files\unicode</Filter>
    </ClInclude>
    <ClInclude Include="include\unicode\uvernum.h">
      <Filter>Header Files\unicode</Filter>
    </ClInclude>
    <ClInclude Include="include\unicode\uversion.h">
      <Filter>Header Files\unicode</Filter>
    </ClInclude>
    <ClInclude Include="include\unicode\vtzone.h">
      <Filter>Header Files\unicode</Filter>
    </ClInclude>
    <ClInclude Include="src\common\bmpset.h">
      <Filter>Source Files\common</Filter>
    </ClInclude>
    <ClInclude Include="src\common\brkeng.h">
      <Filter>Source Files\common</Filter>
    </ClInclude>
    <ClInclude Include="src\common\charstr.h">
      <Filter>Source Files\common</Filter>
    </ClInclude>
    <ClInclude Include="src\common\cmemory.h">
      <Filter>Source Files\common</Filter>
    </ClInclude>
    <ClInclude Include="src\common\cpputils.h">
      <Filter>Source Files\common</Filter>
    </ClInclude>
    <ClInclude Include="src\common\cstr.h">
      <Filter>Source Files\common</Filter>
    </ClInclude>
    <ClInclude Include="src\common\cstring.h">
      <Filter>Source Files\common</Filter>
    </ClInclude>
    <ClInclude Include="src\common\cwchar.h">
      <Filter>Source Files\common</Filter>
    </ClInclude>
    <ClInclude Include="src\common\dictbe.h">
      <Filter>Source Files\common</Filter>
    </ClInclude>
    <ClInclude Include="src\common\dictionarydata.h">
      <Filter>Source Files\common</Filter>
    </ClInclude>
    <ClInclude Include="src\common\hash.h">
      <Filter>Source Files\common</Filter>
    </ClInclude>
    <ClInclude Include="src\common\icuplugimp.h">
      <Filter>Source Files\common</Filter>
    </ClInclude>
    <ClInclude Include="src\common\localsvc.h">
      <Filter>Source Files\common</Filter>
    </ClInclude>
    <ClInclude Include="src\common\locbased.h">
      <Filter>Source Files\common</Filter>
    </ClInclude>
    <ClInclude Include="src\common\locmap.h">
      <Filter>Source Files\common</Filter>
    </ClInclude>
    <ClInclude Include="src\common\locutil.h">
      <Filter>Source Files\common</Filter>
    </ClInclude>
    <ClInclude Include="src\common\messageimpl.h">
      <Filter>Source Files\common</Filter>
    </ClInclude>
    <ClInclude Include="src\common\msvcres.h">
      <Filter>Source Files\common</Filter>
    </ClInclude>
    <ClInclude Include="src\common\mutex.h">
      <Filter>Source Files\common</Filter>
    </ClInclude>
    <ClInclude Include="src\common\norm2_nfc_data.h">
      <Filter>Source Files\common</Filter>
    </ClInclude>
    <ClInclude Include="src\common\norm2allmodes.h">
      <Filter>Source Files\common</Filter>
    </ClInclude>
    <ClInclude Include="src\common\normalizer2impl.h">
      <Filter>Source Files\common</Filter>
    </ClInclude>
    <ClInclude Include="src\common\patternprops.h">
      <Filter>Source Files\common</Filter>
    </ClInclude>
    <ClInclude Include="src\common\pluralmap.h">
      <Filter>Source Files\common</Filter>
    </ClInclude>
    <ClInclude Include="src\common\propname.h">
      <Filter>Source Files\common</Filter>
    </ClInclude>
    <ClInclude Include="src\common\propname_data.h">
      <Filter>Source Files\common</Filter>
    </ClInclude>
    <ClInclude Include="src\common\propsvec.h">
      <Filter>Source Files\common</Filter>
    </ClInclude>
    <ClInclude Include="src\common\punycode.h">
      <Filter>Source Files\common</Filter>
    </ClInclude>
    <ClInclude Include="src\common\putilimp.h">
      <Filter>Source Files\common</Filter>
    </ClInclude>
    <ClInclude Include="src\common\rbbidata.h">
      <Filter>Source Files\common</Filter>
    </ClInclude>
    <ClInclude Include="src\common\rbbinode.h">
      <Filter>Source Files\common</Filter>
    </ClInclude>
    <ClInclude Include="src\common\rbbirb.h">
      <Filter>Source Files\common</Filter>
    </ClInclude>
    <ClInclude Include="src\common\rbbirpt.h">
      <Filter>Source Files\common</Filter>
    </ClInclude>
    <ClInclude Include="src\common\rbbiscan.h">
      <Filter>Source Files\common</Filter>
    </ClInclude>
    <ClInclude Include="src\common\rbbisetb.h">
      <Filter>Source Files\common</Filter>
    </ClInclude>
    <ClInclude Include="src\common\rbbitblb.h">
      <Filter>Source Files\common</Filter>
    </ClInclude>
    <ClInclude Include="src\common\resource.h">
      <Filter>Source Files\common</Filter>
    </ClInclude>
    <ClInclude Include="src\common\ruleiter.h">
      <Filter>Source Files\common</Filter>
    </ClInclude>
    <ClInclude Include="src\common\serv.h">
      <Filter>Source Files\common</Filter>
    </ClInclude>
    <ClInclude Include="src\common\servloc.h">
      <Filter>Source Files\common</Filter>
    </ClInclude>
    <ClInclude Include="src\common\servnotf.h">
      <Filter>Source Files\common</Filter>
    </ClInclude>
    <ClInclude Include="src\common\sharedobject.h">
      <Filter>Source Files\common</Filter>
    </ClInclude>
    <ClInclude Include="src\common\sprpimpl.h">
      <Filter>Source Files\common</Filter>
    </ClInclude>
    <ClInclude Include="src\common\uarrsort.h">
      <Filter>Source Files\common</Filter>
    </ClInclude>
    <ClInclude Include="src\common\uassert.h">
      <Filter>Source Files\common</Filter>
    </ClInclude>
    <ClInclude Include="src\common\ubidi_props.h">
      <Filter>Source Files\common</Filter>
    </ClInclude>
    <ClInclude Include="src\common\ubidi_props_data.h">
      <Filter>Source Files\common</Filter>
    </ClInclude>
    <ClInclude Include="src\common\ubidiimp.h">
      <Filter>Source Files\common</Filter>
    </ClInclude>
    <ClInclude Include="src\common\ubrkimpl.h">
      <Filter>Source Files\common</Filter>
    </ClInclude>
    <ClInclude Include="src\common\ucase.h">
      <Filter>Source Files\common</Filter>
    </ClInclude>
    <ClInclude Include="src\common\ucase_props_data.h">
      <Filter>Source Files\common</Filter>
    </ClInclude>
    <ClInclude Include="src\common\uchar_props_data.h">
      <Filter>Source Files\common</Filter>
    </ClInclude>
    <ClInclude Include="src\common\ucln.h">
      <Filter>Source Files\common</Filter>
    </ClInclude>
    <ClInclude Include="src\common\ucln_cmn.h">
      <Filter>Source Files\common</Filter>
    </ClInclude>
    <ClInclude Include="src\common\ucln_imp.h">
      <Filter>Source Files\common</Filter>
    </ClInclude>
    <ClInclude Include="src\common\ucmndata.h">
      <Filter>Source Files\common</Filter>
    </ClInclude>
    <ClInclude Include="src\common\ucnv_bld.h">
      <Filter>Source Files\common</Filter>
    </ClInclude>
    <ClInclude Include="src\common\ucnv_cnv.h">
      <Filter>Source Files\common</Filter>
    </ClInclude>
    <ClInclude Include="src\common\ucnv_ext.h">
      <Filter>Source Files\common</Filter>
    </ClInclude>
    <ClInclude Include="src\common\ucnv_imp.h">
      <Filter>Source Files\common</Filter>
    </ClInclude>
    <ClInclude Include="src\common\ucnv_io.h">
      <Filter>Source Files\common</Filter>
    </ClInclude>
    <ClInclude Include="src\common\ucnvmbcs.h">
      <Filter>Source Files\common</Filter>
    </ClInclude>
    <ClInclude Include="src\common\ucol_data.h">
      <Filter>Source Files\common</Filter>
    </ClInclude>
    <ClInclude Include="src\common\ucol_swp.h">
      <Filter>Source Files\common</Filter>
    </ClInclude>
    <ClInclude Include="src\common\ucurrimp.h">
      <Filter>Source Files\common</Filter>
    </ClInclude>
    <ClInclude Include="src\common\udatamem.h">
      <Filter>Source Files\common</Filter>
    </ClInclude>
    <ClInclude Include="src\common\udataswp.h">
      <Filter>Source Files\common</Filter>
    </ClInclude>
    <ClInclude Include="src\common\uelement.h">
      <Filter>Source Files\common</Filter>
    </ClInclude>
    <ClInclude Include="src\common\uenumimp.h">
      <Filter>Source Files\common</Filter>
    </ClInclude>
    <ClInclude Include="src\common\uhash.h">
      <Filter>Source Files\common</Filter>
    </ClInclude>
    <ClInclude Include="src\common\uinvchar.h">
      <Filter>Source Files\common</Filter>
    </ClInclude>
    <ClInclude Include="src\common\ulist.h">
      <Filter>Source Files\common</Filter>
    </ClInclude>
    <ClInclude Include="src\common\ulocimp.h">
      <Filter>Source Files\common</Filter>
    </ClInclude>
    <ClInclude Include="src\common\umapfile.h">
      <Filter>Source Files\common</Filter>
    </ClInclude>
    <ClInclude Include="src\common\umutex.h">
      <Filter>Source Files\common</Filter>
    </ClInclude>
    <ClInclude Include="src\common\unifiedcache.h">
      <Filter>Source Files\common</Filter>
    </ClInclude>
    <ClInclude Include="src\common\unisetspan.h">
      <Filter>Source Files\common</Filter>
    </ClInclude>
    <ClInclude Include="src\common\unistrappender.h">
      <Filter>Source Files\common</Filter>
    </ClInclude>
    <ClInclude Include="src\common\unormimp.h">
      <Filter>Source Files\common</Filter>
    </ClInclude>
    <ClInclude Include="src\common\uposixdefs.h">
      <Filter>Source Files\common</Filter>
    </ClInclude>
    <ClInclude Include="src\common\uprops.h">
      <Filter>Source Files\common</Filter>
    </ClInclude>
    <ClInclude Include="src\common\uresdata.h">
      <Filter>Source Files\common</Filter>
    </ClInclude>
    <ClInclude Include="src\common\uresimp.h">
      <Filter>Source Files\common</Filter>
    </ClInclude>
    <ClInclude Include="src\common\ureslocs.h">
      <Filter>Source Files\common</Filter>
    </ClInclude>
    <ClInclude Include="src\common\usc_impl.h">
      <Filter>Source Files\common</Filter>
    </ClInclude>
    <ClInclude Include="src\common\uset_imp.h">
      <Filter>Source Files\common</Filter>
    </ClInclude>
    <ClInclude Include="src\common\ustr_cnv.h">
      <Filter>Source Files\common</Filter>
    </ClInclude>
    <ClInclude Include="src\common\ustr_imp.h">
      <Filter>Source Files\common</Filter>
    </ClInclude>
    <ClInclude Include="src\common\ustrenum.h">
      <Filter>Source Files\common</Filter>
    </ClInclude>
    <ClInclude Include="src\common\ustrfmt.h">
      <Filter>Source Files\common</Filter>
    </ClInclude>
    <ClInclude Include="src\common\util.h">
      <Filter>Source Files\common</Filter>
    </ClInclude>
    <ClInclude Include="src\common\utracimp.h">
      <Filter>Source Files\common</Filter>
    </ClInclude>
    <ClInclude Include="src\common\utrie.h">
      <Filter>Source Files\common</Filter>
    </ClInclude>
    <ClInclude Include="src\common\utrie2.h">
      <Filter>Source Files\common</Filter>
    </ClInclude>
    <ClInclude Include="src\common\utrie2_impl.h">
      <Filter>Source Files\common</Filter>
    </ClInclude>
    <ClInclude Include="src\common\utypeinfo.h">
      <Filter>Source Files\common</Filter>
    </ClInclude>
    <ClInclude Include="src\common\uvector.h">
      <Filter>Source Files\common</Filter>
    </ClInclude>
    <ClInclude Include="src\common\uvectr32.h">
      <Filter>Source Files\common</Filter>
    </ClInclude>
    <ClInclude Include="src\common\uvectr64.h">
      <Filter>Source Files\common</Filter>
    </ClInclude>
    <ClInclude Include="src\common\wintz.h">
      <Filter>Source Files\common</Filter>
    </ClInclude>
    <ClInclude Include="src\i18n\affixpatternparser.h">
      <Filter>Source Files\i18n</Filter>
    </ClInclude>
    <ClInclude Include="src\i18n\anytrans.h">
      <Filter>Source Files\i18n</Filter>
    </ClInclude>
    <ClInclude Include="src\i18n\astro.h">
      <Filter>Source Files\i18n</Filter>
    </ClInclude>
    <ClInclude Include="src\i18n\bocsu.h">
      <Filter>Source Files\i18n</Filter>
    </ClInclude>
    <ClInclude Include="src\i18n\brktrans.h">
      <Filter>Source Files\i18n</Filter>
    </ClInclude>
    <ClInclude Include="src\i18n\buddhcal.h">
      <Filter>Source Files\i18n</Filter>
    </ClInclude>
    <ClInclude Include="src\i18n\casetrn.h">
      <Filter>Source Files\i18n</Filter>
    </ClInclude>
    <ClInclude Include="src\i18n\cecal.h">
      <Filter>Source Files\i18n</Filter>
    </ClInclude>
    <ClInclude Include="src\i18n\chnsecal.h">
      <Filter>Source Files\i18n</Filter>
    </ClInclude>
    <ClInclude Include="src\i18n\collation.h">
      <Filter>Source Files\i18n</Filter>
    </ClInclude>
    <ClInclude Include="src\i18n\collationbuilder.h">
      <Filter>Source Files\i18n</Filter>
    </ClInclude>
    <ClInclude Include="src\i18n\collationcompare.h">
      <Filter>Source Files\i18n</Filter>
    </ClInclude>
    <ClInclude Include="src\i18n\collationdata.h">
      <Filter>Source Files\i18n</Filter>
    </ClInclude>
    <ClInclude Include="src\i18n\collationdatabuilder.h">
      <Filter>Source Files\i18n</Filter>
    </ClInclude>
    <ClInclude Include="src\i18n\collationdatareader.h">
      <Filter>Source Files\i18n</Filter>
    </ClInclude>
    <ClInclude Include="src\i18n\collationdatawriter.h">
      <Filter>Source Files\i18n</Filter>
    </ClInclude>
    <ClInclude Include="src\i18n\collationfastlatin.h">
      <Filter>Source Files\i18n</Filter>
    </ClInclude>
    <ClInclude Include="src\i18n\collationfastlatinbuilder.h">
      <Filter>Source Files\i18n</Filter>
    </ClInclude>
    <ClInclude Include="src\i18n\collationfcd.h">
      <Filter>Source Files\i18n</Filter>
    </ClInclude>
    <ClInclude Include="src\i18n\collationiterator.h">
      <Filter>Source Files\i18n</Filter>
    </ClInclude>
    <ClInclude Include="src\i18n\collationkeys.h">
      <Filter>Source Files\i18n</Filter>
    </ClInclude>
    <ClInclude Include="src\i18n\collationroot.h">
      <Filter>Source Files\i18n</Filter>
    </ClInclude>
    <ClInclude Include="src\i18n\collationrootelements.h">
      <Filter>Source Files\i18n</Filter>
    </ClInclude>
    <ClInclude Include="src\i18n\collationruleparser.h">
      <Filter>Source Files\i18n</Filter>
    </ClInclude>
    <ClInclude Include="src\i18n\collationsets.h">
      <Filter>Source Files\i18n</Filter>
    </ClInclude>
    <ClInclude Include="src\i18n\collationsettings.h">
      <Filter>Source Files\i18n</Filter>
    </ClInclude>
    <ClInclude Include="src\i18n\collationtailoring.h">
      <Filter>Source Files\i18n</Filter>
    </ClInclude>
    <ClInclude Include="src\i18n\collationweights.h">
      <Filter>Source Files\i18n</Filter>
    </ClInclude>
    <ClInclude Include="src\i18n\collunsafe.h">
      <Filter>Source Files\i18n</Filter>
    </ClInclude>
    <ClInclude Include="src\i18n\coptccal.h">
      <Filter>Source Files\i18n</Filter>
    </ClInclude>
    <ClInclude Include="src\i18n\cpdtrans.h">
      <Filter>Source Files\i18n</Filter>
    </ClInclude>
    <ClInclude Include="src\i18n\csdetect.h">
      <Filter>Source Files\i18n</Filter>
    </ClInclude>
    <ClInclude Include="src\i18n\csmatch.h">
      <Filter>Source Files\i18n</Filter>
    </ClInclude>
    <ClInclude Include="src\i18n\csr2022.h">
      <Filter>Source Files\i18n</Filter>
    </ClInclude>
    <ClInclude Include="src\i18n\csrecog.h">
      <Filter>Source Files\i18n</Filter>
    </ClInclude>
    <ClInclude Include="src\i18n\csrmbcs.h">
      <Filter>Source Files\i18n</Filter>
    </ClInclude>
    <ClInclude Include="src\i18n\csrsbcs.h">
      <Filter>Source Files\i18n</Filter>
    </ClInclude>
    <ClInclude Include="src\i18n\csrucode.h">
      <Filter>Source Files\i18n</Filter>
    </ClInclude>
    <ClInclude Include="src\i18n\csrutf8.h">
      <Filter>Source Files\i18n</Filter>
    </ClInclude>
    <ClInclude Include="src\i18n\currfmt.h">
      <Filter>Source Files\i18n</Filter>
    </ClInclude>
    <ClInclude Include="src\i18n\dangical.h">
      <Filter>Source Files\i18n</Filter>
    </ClInclude>
    <ClInclude Include="src\i18n\dayperiodrules.h">
      <Filter>Source Files\i18n</Filter>
    </ClInclude>
    <ClInclude Include="src\i18n\dcfmtimp.h">
      <Filter>Source Files\i18n</Filter>
    </ClInclude>
    <ClInclude Include="src\i18n\decContext.h">
      <Filter>Source Files\i18n</Filter>
    </ClInclude>
    <ClInclude Include="src\i18n\decfmtst.h">
      <Filter>Source Files\i18n</Filter>
    </ClInclude>
    <ClInclude Include="src\i18n\decimalformatpattern.h">
      <Filter>Source Files\i18n</Filter>
    </ClInclude>
    <ClInclude Include="src\i18n\decimalformatpatternimpl.h">
      <Filter>Source Files\i18n</Filter>
    </ClInclude>
    <ClInclude Include="src\i18n\decimfmtimpl.h">
      <Filter>Source Files\i18n</Filter>
    </ClInclude>
    <ClInclude Include="src\i18n\decNumber.h">
      <Filter>Source Files\i18n</Filter>
    </ClInclude>
    <ClInclude Include="src\i18n\decNumberLocal.h">
      <Filter>Source Files\i18n</Filter>
    </ClInclude>
    <ClInclude Include="src\i18n\digitaffix.h">
      <Filter>Source Files\i18n</Filter>
    </ClInclude>
    <ClInclude Include="src\i18n\digitaffixesandpadding.h">
      <Filter>Source Files\i18n</Filter>
    </ClInclude>
    <ClInclude Include="src\i18n\digitformatter.h">
      <Filter>Source Files\i18n</Filter>
    </ClInclude>
    <ClInclude Include="src\i18n\digitgrouping.h">
      <Filter>Source Files\i18n</Filter>
    </ClInclude>
    <ClInclude Include="src\i18n\digitinterval.h">
      <Filter>Source Files\i18n</Filter>
    </ClInclude>
    <ClInclude Include="src\i18n\digitlst.h">
      <Filter>Source Files\i18n</Filter>
    </ClInclude>
    <ClInclude Include="src\i18n\dtitv_impl.h">
      <Filter>Source Files\i18n</Filter>
    </ClInclude>
    <ClInclude Include="src\i18n\dtptngen_impl.h">
      <Filter>Source Files\i18n</Filter>
    </ClInclude>
    <ClInclude Include="src\i18n\esctrn.h">
      <Filter>Source Files\i18n</Filter>
    </ClInclude>
    <ClInclude Include="src\i18n\ethpccal.h">
      <Filter>Source Files\i18n</Filter>
    </ClInclude>
    <ClInclude Include="src\i18n\fmtableimp.h">
      <Filter>Source Files\i18n</Filter>
    </ClInclude>
    <ClInclude Include="src\i18n\fphdlimp.h">
      <Filter>Source Files\i18n</Filter>
    </ClInclude>
    <ClInclude Include="src\i18n\funcrepl.h">
      <Filter>Source Files\i18n</Filter>
    </ClInclude>
    <ClInclude Include="src\i18n\gregoimp.h">
      <Filter>Source Files\i18n</Filter>
    </ClInclude>
    <ClInclude Include="src\i18n\hebrwcal.h">
      <Filter>Source Files\i18n</Filter>
    </ClInclude>
    <ClInclude Include="src\i18n\identifier_info.h">
      <Filter>Source Files\i18n</Filter>
    </ClInclude>
    <ClInclude Include="src\i18n\indiancal.h">
      <Filter>Source Files\i18n</Filter>
    </ClInclude>
    <ClInclude Include="src\i18n\inputext.h">
      <Filter>Source Files\i18n</Filter>
    </ClInclude>
    <ClInclude Include="src\i18n\islamcal.h">
      <Filter>Source Files\i18n</Filter>
    </ClInclude>
    <ClInclude Include="src\i18n\japancal.h">
      <Filter>Source Files\i18n</Filter>
    </ClInclude>
    <ClInclude Include="src\i18n\msgfmt_impl.h">
      <Filter>Source Files\i18n</Filter>
    </ClInclude>
    <ClInclude Include="src\i18n\name2uni.h">
      <Filter>Source Files\i18n</Filter>
    </ClInclude>
    <ClInclude Include="src\i18n\nfrlist.h">
      <Filter>Source Files\i18n</Filter>
    </ClInclude>
    <ClInclude Include="src\i18n\nfrs.h">
      <Filter>Source Files\i18n</Filter>
    </ClInclude>
    <ClInclude Include="src\i18n\nfrule.h">
      <Filter>Source Files\i18n</Filter>
    </ClInclude>
    <ClInclude Include="src\i18n\nfsubs.h">
      <Filter>Source Files\i18n</Filter>
    </ClInclude>
    <ClInclude Include="src\i18n\nortrans.h">
      <Filter>Source Files\i18n</Filter>
    </ClInclude>
    <ClInclude Include="src\i18n\nultrans.h">
      <Filter>Source Files\i18n</Filter>
    </ClInclude>
    <ClInclude Include="src\i18n\numsys_impl.h">
      <Filter>Source Files\i18n</Filter>
    </ClInclude>
    <ClInclude Include="src\i18n\olsontz.h">
      <Filter>Source Files\i18n</Filter>
    </ClInclude>
    <ClInclude Include="src\i18n\persncal.h">
      <Filter>Source Files\i18n</Filter>
    </ClInclude>
    <ClInclude Include="src\i18n\pluralaffix.h">
      <Filter>Source Files\i18n</Filter>
    </ClInclude>
    <ClInclude Include="src\i18n\plurrule_impl.h">
      <Filter>Source Files\i18n</Filter>
    </ClInclude>
    <ClInclude Include="src\i18n\precision.h">
      <Filter>Source Files\i18n</Filter>
    </ClInclude>
    <ClInclude Include="src\i18n\quant.h">
      <Filter>Source Files\i18n</Filter>
    </ClInclude>
    <ClInclude Include="src\i18n\quantityformatter.h">
      <Filter>Source Files\i18n</Filter>
    </ClInclude>
    <ClInclude Include="src\i18n\rbt.h">
      <Filter>Source Files\i18n</Filter>
    </ClInclude>
    <ClInclude Include="src\i18n\rbt_data.h">
      <Filter>Source Files\i18n</Filter>
    </ClInclude>
    <ClInclude Include="src\i18n\rbt_pars.h">
      <Filter>Source Files\i18n</Filter>
    </ClInclude>
    <ClInclude Include="src\i18n\rbt_rule.h">
      <Filter>Source Files\i18n</Filter>
    </ClInclude>
    <ClInclude Include="src\i18n\rbt_set.h">
      <Filter>Source Files\i18n</Filter>
    </ClInclude>
    <ClInclude Include="src\i18n\regexcmp.h">
      <Filter>Source Files\i18n</Filter>
    </ClInclude>
    <ClInclude Include="src\i18n\regexcst.h">
      <Filter>Source Files\i18n</Filter>
    </ClInclude>
    <ClInclude Include="src\i18n\regeximp.h">
      <Filter>Source Files\i18n</Filter>
    </ClInclude>
    <ClInclude Include="src\i18n\regexst.h">
      <Filter>Source Files\i18n</Filter>
    </ClInclude>
    <ClInclude Include="src\i18n\regextxt.h">
      <Filter>Source Files\i18n</Filter>
    </ClInclude>
    <ClInclude Include="src\i18n\region_impl.h">
      <Filter>Source Files\i18n</Filter>
    </ClInclude>
    <ClInclude Include="src\i18n\reldtfmt.h">
      <Filter>Source Files\i18n</Filter>
    </ClInclude>
    <ClInclude Include="src\i18n\remtrans.h">
      <Filter>Source Files\i18n</Filter>
    </ClInclude>
    <ClInclude Include="src\i18n\scriptset.h">
      <Filter>Source Files\i18n</Filter>
    </ClInclude>
    <ClInclude Include="src\i18n\selfmtimpl.h">
      <Filter>Source Files\i18n</Filter>
    </ClInclude>
    <ClInclude Include="src\i18n\sharedbreakiterator.h">
      <Filter>Source Files\i18n</Filter>
    </ClInclude>
    <ClInclude Include="src\i18n\sharedcalendar.h">
      <Filter>Source Files\i18n</Filter>
    </ClInclude>
    <ClInclude Include="src\i18n\shareddateformatsymbols.h">
      <Filter>Source Files\i18n</Filter>
    </ClInclude>
    <ClInclude Include="src\i18n\sharednumberformat.h">
      <Filter>Source Files\i18n</Filter>
    </ClInclude>
    <ClInclude Include="src\i18n\sharedpluralrules.h">
      <Filter>Source Files\i18n</Filter>
    </ClInclude>
    <ClInclude Include="src\i18n\significantdigitinterval.h">
      <Filter>Source Files\i18n</Filter>
    </ClInclude>
    <ClInclude Include="src\i18n\smallintformatter.h">
      <Filter>Source Files\i18n</Filter>
    </ClInclude>
    <ClInclude Include="src\i18n\smpdtfst.h">
      <Filter>Source Files\i18n</Filter>
    </ClInclude>
    <ClInclude Include="src\i18n\standardplural.h">
      <Filter>Source Files\i18n</Filter>
    </ClInclude>
    <ClInclude Include="src\i18n\strmatch.h">
      <Filter>Source Files\i18n</Filter>
    </ClInclude>
    <ClInclude Include="src\i18n\strrepl.h">
      <Filter>Source Files\i18n</Filter>
    </ClInclude>
    <ClInclude Include="src\i18n\taiwncal.h">
      <Filter>Source Files\i18n</Filter>
    </ClInclude>
    <ClInclude Include="src\i18n\titletrn.h">
      <Filter>Source Files\i18n</Filter>
    </ClInclude>
    <ClInclude Include="src\i18n\tolowtrn.h">
      <Filter>Source Files\i18n</Filter>
    </ClInclude>
    <ClInclude Include="src\i18n\toupptrn.h">
      <Filter>Source Files\i18n</Filter>
    </ClInclude>
    <ClInclude Include="src\i18n\transreg.h">
      <Filter>Source Files\i18n</Filter>
    </ClInclude>
    <ClInclude Include="src\i18n\tridpars.h">
      <Filter>Source Files\i18n</Filter>
    </ClInclude>
    <ClInclude Include="src\i18n\tzgnames.h">
      <Filter>Source Files\i18n</Filter>
    </ClInclude>
    <ClInclude Include="src\i18n\tznames_impl.h">
      <Filter>Source Files\i18n</Filter>
    </ClInclude>
    <ClInclude Include="src\i18n\ucln_in.h">
      <Filter>Source Files\i18n</Filter>
    </ClInclude>
    <ClInclude Include="src\i18n\ucol_imp.h">
      <Filter>Source Files\i18n</Filter>
    </ClInclude>
    <ClInclude Include="src\i18n\uitercollationiterator.h">
      <Filter>Source Files\i18n</Filter>
    </ClInclude>
    <ClInclude Include="src\i18n\umsg_imp.h">
      <Filter>Source Files\i18n</Filter>
    </ClInclude>
    <ClInclude Include="src\i18n\unesctrn.h">
      <Filter>Source Files\i18n</Filter>
    </ClInclude>
    <ClInclude Include="src\i18n\uni2name.h">
      <Filter>Source Files\i18n</Filter>
    </ClInclude>
    <ClInclude Include="src\i18n\uspoof_conf.h">
      <Filter>Source Files\i18n</Filter>
    </ClInclude>
    <ClInclude Include="src\i18n\uspoof_impl.h">
      <Filter>Source Files\i18n</Filter>
    </ClInclude>
    <ClInclude Include="src\i18n\uspoof_wsconf.h">
      <Filter>Source Files\i18n</Filter>
    </ClInclude>
    <ClInclude Include="src\i18n\usrchimp.h">
      <Filter>Source Files\i18n</Filter>
    </ClInclude>
    <ClInclude Include="src\i18n\utf8collationiterator.h">
      <Filter>Source Files\i18n</Filter>
    </ClInclude>
    <ClInclude Include="src\i18n\utf16collationiterator.h">
      <Filter>Source Files\i18n</Filter>
    </ClInclude>
    <ClInclude Include="src\i18n\valueformatter.h">
      <Filter>Source Files\i18n</Filter>
    </ClInclude>
    <ClInclude Include="src\i18n\visibledigits.h">
      <Filter>Source Files\i18n</Filter>
    </ClInclude>
    <ClInclude Include="src\i18n\vzone.h">
      <Filter>Source Files\i18n</Filter>
    </ClInclude>
    <ClInclude Include="src\i18n\windtfmt.h">
      <Filter>Source Files\i18n</Filter>
    </ClInclude>
    <ClInclude Include="src\i18n\winnmfmt.h">
      <Filter>Source Files\i18n</Filter>
    </ClInclude>
    <ClInclude Include="src\i18n\wintzimpl.h">
      <Filter>Source Files\i18n</Filter>
    </ClInclude>
    <ClInclude Include="src\i18n\zonemeta.h">
      <Filter>Source Files\i18n</Filter>
    </ClInclude>
    <ClInclude Include="src\i18n\zrule.h">
      <Filter>Source Files\i18n</Filter>
    </ClInclude>
    <ClInclude Include="src\i18n\ztrans.h">
      <Filter>Source Files\i18n</Filter>
    </ClInclude>
  </ItemGroup>
  <ItemGroup>
    <ClCompile Include="src\common\appendable.cpp">
      <Filter>Source Files\common</Filter>
    </ClCompile>
    <ClCompile Include="src\common\bmpset.cpp">
      <Filter>Source Files\common</Filter>
    </ClCompile>
    <ClCompile Include="src\common\brkeng.cpp">
      <Filter>Source Files\common</Filter>
    </ClCompile>
    <ClCompile Include="src\common\brkiter.cpp">
      <Filter>Source Files\common</Filter>
    </ClCompile>
    <ClCompile Include="src\common\bytestream.cpp">
      <Filter>Source Files\common</Filter>
    </ClCompile>
    <ClCompile Include="src\common\bytestrie.cpp">
      <Filter>Source Files\common</Filter>
    </ClCompile>
    <ClCompile Include="src\common\bytestriebuilder.cpp">
      <Filter>Source Files\common</Filter>
    </ClCompile>
    <ClCompile Include="src\common\bytestrieiterator.cpp">
      <Filter>Source Files\common</Filter>
    </ClCompile>
    <ClCompile Include="src\common\caniter.cpp">
      <Filter>Source Files\common</Filter>
    </ClCompile>
    <ClCompile Include="src\common\chariter.cpp">
      <Filter>Source Files\common</Filter>
    </ClCompile>
    <ClCompile Include="src\common\charstr.cpp">
      <Filter>Source Files\common</Filter>
    </ClCompile>
    <ClCompile Include="src\common\cmemory.c">
      <Filter>Source Files\common</Filter>
    </ClCompile>
    <ClCompile Include="src\common\cstr.cpp">
      <Filter>Source Files\common</Filter>
    </ClCompile>
    <ClCompile Include="src\common\cstring.c">
      <Filter>Source Files\common</Filter>
    </ClCompile>
    <ClCompile Include="src\common\cwchar.c">
      <Filter>Source Files\common</Filter>
    </ClCompile>
    <ClCompile Include="src\common\dictbe.cpp">
      <Filter>Source Files\common</Filter>
    </ClCompile>
    <ClCompile Include="src\common\dictionarydata.cpp">
      <Filter>Source Files\common</Filter>
    </ClCompile>
    <ClCompile Include="src\common\dtintrv.cpp">
      <Filter>Source Files\common</Filter>
    </ClCompile>
    <ClCompile Include="src\common\errorcode.cpp">
      <Filter>Source Files\common</Filter>
    </ClCompile>
    <ClCompile Include="src\common\filteredbrk.cpp">
      <Filter>Source Files\common</Filter>
    </ClCompile>
    <ClCompile Include="src\common\filterednormalizer2.cpp">
      <Filter>Source Files\common</Filter>
    </ClCompile>
    <ClCompile Include="src\common\icudataver.c">
      <Filter>Source Files\common</Filter>
    </ClCompile>
    <ClCompile Include="src\common\icuplug.cpp">
      <Filter>Source Files\common</Filter>
    </ClCompile>
    <ClCompile Include="src\common\listformatter.cpp">
      <Filter>Source Files\common</Filter>
    </ClCompile>
    <ClCompile Include="src\common\loadednormalizer2impl.cpp">
      <Filter>Source Files\common</Filter>
    </ClCompile>
    <ClCompile Include="src\common\locavailable.cpp">
      <Filter>Source Files\common</Filter>
    </ClCompile>
    <ClCompile Include="src\common\locbased.cpp">
      <Filter>Source Files\common</Filter>
    </ClCompile>
    <ClCompile Include="src\common\locdispnames.cpp">
      <Filter>Source Files\common</Filter>
    </ClCompile>
    <ClCompile Include="src\common\locdspnm.cpp">
      <Filter>Source Files\common</Filter>
    </ClCompile>
    <ClCompile Include="src\common\locid.cpp">
      <Filter>Source Files\common</Filter>
    </ClCompile>
    <ClCompile Include="src\common\loclikely.cpp">
      <Filter>Source Files\common</Filter>
    </ClCompile>
    <ClCompile Include="src\common\locmap.c">
      <Filter>Source Files\common</Filter>
    </ClCompile>
    <ClCompile Include="src\common\locresdata.cpp">
      <Filter>Source Files\common</Filter>
    </ClCompile>
    <ClCompile Include="src\common\locutil.cpp">
      <Filter>Source Files\common</Filter>
    </ClCompile>
    <ClCompile Include="src\common\messagepattern.cpp">
      <Filter>Source Files\common</Filter>
    </ClCompile>
    <ClCompile Include="src\common\normalizer2.cpp">
      <Filter>Source Files\common</Filter>
    </ClCompile>
    <ClCompile Include="src\common\normalizer2impl.cpp">
      <Filter>Source Files\common</Filter>
    </ClCompile>
    <ClCompile Include="src\common\normlzr.cpp">
      <Filter>Source Files\common</Filter>
    </ClCompile>
    <ClCompile Include="src\common\parsepos.cpp">
      <Filter>Source Files\common</Filter>
    </ClCompile>
    <ClCompile Include="src\common\patternprops.cpp">
      <Filter>Source Files\common</Filter>
    </ClCompile>
    <ClCompile Include="src\common\pluralmap.cpp">
      <Filter>Source Files\common</Filter>
    </ClCompile>
    <ClCompile Include="src\common\propname.cpp">
      <Filter>Source Files\common</Filter>
    </ClCompile>
    <ClCompile Include="src\common\propsvec.c">
      <Filter>Source Files\common</Filter>
    </ClCompile>
    <ClCompile Include="src\common\punycode.cpp">
      <Filter>Source Files\common</Filter>
    </ClCompile>
    <ClCompile Include="src\common\putil.cpp">
      <Filter>Source Files\common</Filter>
    </ClCompile>
    <ClCompile Include="src\common\rbbi.cpp">
      <Filter>Source Files\common</Filter>
    </ClCompile>
    <ClCompile Include="src\common\rbbidata.cpp">
      <Filter>Source Files\common</Filter>
    </ClCompile>
    <ClCompile Include="src\common\rbbinode.cpp">
      <Filter>Source Files\common</Filter>
    </ClCompile>
    <ClCompile Include="src\common\rbbirb.cpp">
      <Filter>Source Files\common</Filter>
    </ClCompile>
    <ClCompile Include="src\common\rbbiscan.cpp">
      <Filter>Source Files\common</Filter>
    </ClCompile>
    <ClCompile Include="src\common\rbbisetb.cpp">
      <Filter>Source Files\common</Filter>
    </ClCompile>
    <ClCompile Include="src\common\rbbistbl.cpp">
      <Filter>Source Files\common</Filter>
    </ClCompile>
    <ClCompile Include="src\common\rbbitblb.cpp">
      <Filter>Source Files\common</Filter>
    </ClCompile>
    <ClCompile Include="src\common\resbund.cpp">
      <Filter>Source Files\common</Filter>
    </ClCompile>
    <ClCompile Include="src\common\resbund_cnv.cpp">
      <Filter>Source Files\common</Filter>
    </ClCompile>
    <ClCompile Include="src\common\resource.cpp">
      <Filter>Source Files\common</Filter>
    </ClCompile>
    <ClCompile Include="src\common\ruleiter.cpp">
      <Filter>Source Files\common</Filter>
    </ClCompile>
    <ClCompile Include="src\common\schriter.cpp">
      <Filter>Source Files\common</Filter>
    </ClCompile>
    <ClCompile Include="src\common\serv.cpp">
      <Filter>Source Files\common</Filter>
    </ClCompile>
    <ClCompile Include="src\common\servlk.cpp">
      <Filter>Source Files\common</Filter>
    </ClCompile>
    <ClCompile Include="src\common\servlkf.cpp">
      <Filter>Source Files\common</Filter>
    </ClCompile>
    <ClCompile Include="src\common\servls.cpp">
      <Filter>Source Files\common</Filter>
    </ClCompile>
    <ClCompile Include="src\common\servnotf.cpp">
      <Filter>Source Files\common</Filter>
    </ClCompile>
    <ClCompile Include="src\common\servrbf.cpp">
      <Filter>Source Files\common</Filter>
    </ClCompile>
    <ClCompile Include="src\common\servslkf.cpp">
      <Filter>Source Files\common</Filter>
    </ClCompile>
    <ClCompile Include="src\common\sharedobject.cpp">
      <Filter>Source Files\common</Filter>
    </ClCompile>
    <ClCompile Include="src\common\simpleformatter.cpp">
      <Filter>Source Files\common</Filter>
    </ClCompile>
    <ClCompile Include="src\common\stringpiece.cpp">
      <Filter>Source Files\common</Filter>
    </ClCompile>
    <ClCompile Include="src\common\stringtriebuilder.cpp">
      <Filter>Source Files\common</Filter>
    </ClCompile>
    <ClCompile Include="src\common\uarrsort.c">
      <Filter>Source Files\common</Filter>
    </ClCompile>
    <ClCompile Include="src\common\ubidi.c">
      <Filter>Source Files\common</Filter>
    </ClCompile>
    <ClCompile Include="src\common\ubidi_props.c">
      <Filter>Source Files\common</Filter>
    </ClCompile>
    <ClCompile Include="src\common\ubidiln.c">
      <Filter>Source Files\common</Filter>
    </ClCompile>
    <ClCompile Include="src\common\ubidiwrt.c">
      <Filter>Source Files\common</Filter>
    </ClCompile>
    <ClCompile Include="src\common\ubrk.cpp">
      <Filter>Source Files\common</Filter>
    </ClCompile>
    <ClCompile Include="src\common\ucase.cpp">
      <Filter>Source Files\common</Filter>
    </ClCompile>
    <ClCompile Include="src\common\ucasemap.cpp">
      <Filter>Source Files\common</Filter>
    </ClCompile>
    <ClCompile Include="src\common\ucasemap_titlecase_brkiter.cpp">
      <Filter>Source Files\common</Filter>
    </ClCompile>
    <ClCompile Include="src\common\ucat.c">
      <Filter>Source Files\common</Filter>
    </ClCompile>
    <ClCompile Include="src\common\uchar.c">
      <Filter>Source Files\common</Filter>
    </ClCompile>
    <ClCompile Include="src\common\ucharstrie.cpp">
      <Filter>Source Files\common</Filter>
    </ClCompile>
    <ClCompile Include="src\common\ucharstriebuilder.cpp">
      <Filter>Source Files\common</Filter>
    </ClCompile>
    <ClCompile Include="src\common\ucharstrieiterator.cpp">
      <Filter>Source Files\common</Filter>
    </ClCompile>
    <ClCompile Include="src\common\uchriter.cpp">
      <Filter>Source Files\common</Filter>
    </ClCompile>
    <ClCompile Include="src\common\ucln_cmn.cpp">
      <Filter>Source Files\common</Filter>
    </ClCompile>
    <ClCompile Include="src\common\ucmndata.c">
      <Filter>Source Files\common</Filter>
    </ClCompile>
    <ClCompile Include="src\common\ucnv.c">
      <Filter>Source Files\common</Filter>
    </ClCompile>
    <ClCompile Include="src\common\ucnv_bld.cpp">
      <Filter>Source Files\common</Filter>
    </ClCompile>
    <ClCompile Include="src\common\ucnv_cb.c">
      <Filter>Source Files\common</Filter>
    </ClCompile>
    <ClCompile Include="src\common\ucnv_cnv.c">
      <Filter>Source Files\common</Filter>
    </ClCompile>
    <ClCompile Include="src\common\ucnv_ct.c">
      <Filter>Source Files\common</Filter>
    </ClCompile>
    <ClCompile Include="src\common\ucnv_err.c">
      <Filter>Source Files\common</Filter>
    </ClCompile>
    <ClCompile Include="src\common\ucnv_ext.cpp">
      <Filter>Source Files\common</Filter>
    </ClCompile>
    <ClCompile Include="src\common\ucnv_io.cpp">
      <Filter>Source Files\common</Filter>
    </ClCompile>
    <ClCompile Include="src\common\ucnv_lmb.c">
      <Filter>Source Files\common</Filter>
    </ClCompile>
    <ClCompile Include="src\common\ucnv_set.c">
      <Filter>Source Files\common</Filter>
    </ClCompile>
    <ClCompile Include="src\common\ucnv_u7.c">
      <Filter>Source Files\common</Filter>
    </ClCompile>
    <ClCompile Include="src\common\ucnv_u8.c">
      <Filter>Source Files\common</Filter>
    </ClCompile>
    <ClCompile Include="src\common\ucnv_u16.c">
      <Filter>Source Files\common</Filter>
    </ClCompile>
    <ClCompile Include="src\common\ucnv_u32.c">
      <Filter>Source Files\common</Filter>
    </ClCompile>
    <ClCompile Include="src\common\ucnv2022.cpp">
      <Filter>Source Files\common</Filter>
    </ClCompile>
    <ClCompile Include="src\common\ucnvbocu.cpp">
      <Filter>Source Files\common</Filter>
    </ClCompile>
    <ClCompile Include="src\common\ucnvdisp.c">
      <Filter>Source Files\common</Filter>
    </ClCompile>
    <ClCompile Include="src\common\ucnvhz.c">
      <Filter>Source Files\common</Filter>
    </ClCompile>
    <ClCompile Include="src\common\ucnvisci.c">
      <Filter>Source Files\common</Filter>
    </ClCompile>
    <ClCompile Include="src\common\ucnvlat1.c">
      <Filter>Source Files\common</Filter>
    </ClCompile>
    <ClCompile Include="src\common\ucnvmbcs.cpp">
      <Filter>Source Files\common</Filter>
    </ClCompile>
    <ClCompile Include="src\common\ucnvscsu.c">
      <Filter>Source Files\common</Filter>
    </ClCompile>
    <ClCompile Include="src\common\ucnvsel.cpp">
      <Filter>Source Files\common</Filter>
    </ClCompile>
    <ClCompile Include="src\common\ucol_swp.cpp">
      <Filter>Source Files\common</Filter>
    </ClCompile>
    <ClCompile Include="src\common\ucurr.cpp">
      <Filter>Source Files\common</Filter>
    </ClCompile>
    <ClCompile Include="src\common\udata.cpp">
      <Filter>Source Files\common</Filter>
    </ClCompile>
    <ClCompile Include="src\common\udatamem.c">
      <Filter>Source Files\common</Filter>
    </ClCompile>
    <ClCompile Include="src\common\udataswp.c">
      <Filter>Source Files\common</Filter>
    </ClCompile>
    <ClCompile Include="src\common\uenum.c">
      <Filter>Source Files\common</Filter>
    </ClCompile>
    <ClCompile Include="src\common\uhash.c">
      <Filter>Source Files\common</Filter>
    </ClCompile>
    <ClCompile Include="src\common\uhash_us.cpp">
      <Filter>Source Files\common</Filter>
    </ClCompile>
    <ClCompile Include="src\common\uidna.cpp">
      <Filter>Source Files\common</Filter>
    </ClCompile>
    <ClCompile Include="src\common\uinit.cpp">
      <Filter>Source Files\common</Filter>
    </ClCompile>
    <ClCompile Include="src\common\uinvchar.c">
      <Filter>Source Files\common</Filter>
    </ClCompile>
    <ClCompile Include="src\common\uiter.cpp">
      <Filter>Source Files\common</Filter>
    </ClCompile>
    <ClCompile Include="src\common\ulist.c">
      <Filter>Source Files\common</Filter>
    </ClCompile>
    <ClCompile Include="src\common\ulistformatter.cpp">
      <Filter>Source Files\common</Filter>
    </ClCompile>
    <ClCompile Include="src\common\uloc.cpp">
      <Filter>Source Files\common</Filter>
    </ClCompile>
    <ClCompile Include="src\common\uloc_keytype.cpp">
      <Filter>Source Files\common</Filter>
    </ClCompile>
    <ClCompile Include="src\common\uloc_tag.c">
      <Filter>Source Files\common</Filter>
    </ClCompile>
    <ClCompile Include="src\common\umapfile.c">
      <Filter>Source Files\common</Filter>
    </ClCompile>
    <ClCompile Include="src\common\umath.c">
      <Filter>Source Files\common</Filter>
    </ClCompile>
    <ClCompile Include="src\common\umutex.cpp">
      <Filter>Source Files\common</Filter>
    </ClCompile>
    <ClCompile Include="src\common\unames.cpp">
      <Filter>Source Files\common</Filter>
    </ClCompile>
    <ClCompile Include="src\common\unifiedcache.cpp">
      <Filter>Source Files\common</Filter>
    </ClCompile>
    <ClCompile Include="src\common\unifilt.cpp">
      <Filter>Source Files\common</Filter>
    </ClCompile>
    <ClCompile Include="src\common\unifunct.cpp">
      <Filter>Source Files\common</Filter>
    </ClCompile>
    <ClCompile Include="src\common\uniset.cpp">
      <Filter>Source Files\common</Filter>
    </ClCompile>
    <ClCompile Include="src\common\uniset_closure.cpp">
      <Filter>Source Files\common</Filter>
    </ClCompile>
    <ClCompile Include="src\common\uniset_props.cpp">
      <Filter>Source Files\common</Filter>
    </ClCompile>
    <ClCompile Include="src\common\unisetspan.cpp">
      <Filter>Source Files\common</Filter>
    </ClCompile>
    <ClCompile Include="src\common\unistr.cpp">
      <Filter>Source Files\common</Filter>
    </ClCompile>
    <ClCompile Include="src\common\unistr_case.cpp">
      <Filter>Source Files\common</Filter>
    </ClCompile>
    <ClCompile Include="src\common\unistr_case_locale.cpp">
      <Filter>Source Files\common</Filter>
    </ClCompile>
    <ClCompile Include="src\common\unistr_cnv.cpp">
      <Filter>Source Files\common</Filter>
    </ClCompile>
    <ClCompile Include="src\common\unistr_props.cpp">
      <Filter>Source Files\common</Filter>
    </ClCompile>
    <ClCompile Include="src\common\unistr_titlecase_brkiter.cpp">
      <Filter>Source Files\common</Filter>
    </ClCompile>
    <ClCompile Include="src\common\unorm.cpp">
      <Filter>Source Files\common</Filter>
    </ClCompile>
    <ClCompile Include="src\common\unormcmp.cpp">
      <Filter>Source Files\common</Filter>
    </ClCompile>
    <ClCompile Include="src\common\uobject.cpp">
      <Filter>Source Files\common</Filter>
    </ClCompile>
    <ClCompile Include="src\common\uprops.cpp">
      <Filter>Source Files\common</Filter>
    </ClCompile>
    <ClCompile Include="src\common\ures_cnv.c">
      <Filter>Source Files\common</Filter>
    </ClCompile>
    <ClCompile Include="src\common\uresbund.cpp">
      <Filter>Source Files\common</Filter>
    </ClCompile>
    <ClCompile Include="src\common\uresdata.cpp">
      <Filter>Source Files\common</Filter>
    </ClCompile>
    <ClCompile Include="src\common\usc_impl.c">
      <Filter>Source Files\common</Filter>
    </ClCompile>
    <ClCompile Include="src\common\uscript.c">
      <Filter>Source Files\common</Filter>
    </ClCompile>
    <ClCompile Include="src\common\uscript_props.cpp">
      <Filter>Source Files\common</Filter>
    </ClCompile>
    <ClCompile Include="src\common\uset.cpp">
      <Filter>Source Files\common</Filter>
    </ClCompile>
    <ClCompile Include="src\common\uset_props.cpp">
      <Filter>Source Files\common</Filter>
    </ClCompile>
    <ClCompile Include="src\common\usetiter.cpp">
      <Filter>Source Files\common</Filter>
    </ClCompile>
    <ClCompile Include="src\common\ushape.cpp">
      <Filter>Source Files\common</Filter>
    </ClCompile>
    <ClCompile Include="src\common\usprep.cpp">
      <Filter>Source Files\common</Filter>
    </ClCompile>
    <ClCompile Include="src\common\ustack.cpp">
      <Filter>Source Files\common</Filter>
    </ClCompile>
    <ClCompile Include="src\common\ustr_cnv.cpp">
      <Filter>Source Files\common</Filter>
    </ClCompile>
    <ClCompile Include="src\common\ustr_titlecase_brkiter.cpp">
      <Filter>Source Files\common</Filter>
    </ClCompile>
    <ClCompile Include="src\common\ustr_wcs.cpp">
      <Filter>Source Files\common</Filter>
    </ClCompile>
    <ClCompile Include="src\common\ustrcase.cpp">
      <Filter>Source Files\common</Filter>
    </ClCompile>
    <ClCompile Include="src\common\ustrcase_locale.cpp">
      <Filter>Source Files\common</Filter>
    </ClCompile>
    <ClCompile Include="src\common\ustrenum.cpp">
      <Filter>Source Files\common</Filter>
    </ClCompile>
    <ClCompile Include="src\common\ustrfmt.c">
      <Filter>Source Files\common</Filter>
    </ClCompile>
    <ClCompile Include="src\common\ustring.cpp">
      <Filter>Source Files\common</Filter>
    </ClCompile>
    <ClCompile Include="src\common\ustrtrns.cpp">
      <Filter>Source Files\common</Filter>
    </ClCompile>
    <ClCompile Include="src\common\utext.cpp">
      <Filter>Source Files\common</Filter>
    </ClCompile>
    <ClCompile Include="src\common\utf_impl.c">
      <Filter>Source Files\common</Filter>
    </ClCompile>
    <ClCompile Include="src\common\util.cpp">
      <Filter>Source Files\common</Filter>
    </ClCompile>
    <ClCompile Include="src\common\util_props.cpp">
      <Filter>Source Files\common</Filter>
    </ClCompile>
    <ClCompile Include="src\common\utrace.c">
      <Filter>Source Files\common</Filter>
    </ClCompile>
    <ClCompile Include="src\common\utrie.cpp">
      <Filter>Source Files\common</Filter>
    </ClCompile>
    <ClCompile Include="src\common\utrie2.cpp">
      <Filter>Source Files\common</Filter>
    </ClCompile>
    <ClCompile Include="src\common\utrie2_builder.cpp">
      <Filter>Source Files\common</Filter>
    </ClCompile>
    <ClCompile Include="src\common\uts46.cpp">
      <Filter>Source Files\common</Filter>
    </ClCompile>
    <ClCompile Include="src\common\utypes.c">
      <Filter>Source Files\common</Filter>
    </ClCompile>
    <ClCompile Include="src\common\uvector.cpp">
      <Filter>Source Files\common</Filter>
    </ClCompile>
    <ClCompile Include="src\common\uvectr32.cpp">
      <Filter>Source Files\common</Filter>
    </ClCompile>
    <ClCompile Include="src\common\uvectr64.cpp">
      <Filter>Source Files\common</Filter>
    </ClCompile>
    <ClCompile Include="src\common\wintz.c">
      <Filter>Source Files\common</Filter>
    </ClCompile>
    <ClCompile Include="src\i18n\affixpatternparser.cpp">
      <Filter>Source Files\i18n</Filter>
    </ClCompile>
    <ClCompile Include="src\i18n\alphaindex.cpp">
      <Filter>Source Files\i18n</Filter>
    </ClCompile>
    <ClCompile Include="src\i18n\anytrans.cpp">
      <Filter>Source Files\i18n</Filter>
    </ClCompile>
    <ClCompile Include="src\i18n\astro.cpp">
      <Filter>Source Files\i18n</Filter>
    </ClCompile>
    <ClCompile Include="src\i18n\basictz.cpp">
      <Filter>Source Files\i18n</Filter>
    </ClCompile>
    <ClCompile Include="src\i18n\bocsu.cpp">
      <Filter>Source Files\i18n</Filter>
    </ClCompile>
    <ClCompile Include="src\i18n\brktrans.cpp">
      <Filter>Source Files\i18n</Filter>
    </ClCompile>
    <ClCompile Include="src\i18n\buddhcal.cpp">
      <Filter>Source Files\i18n</Filter>
    </ClCompile>
    <ClCompile Include="src\i18n\calendar.cpp">
      <Filter>Source Files\i18n</Filter>
    </ClCompile>
    <ClCompile Include="src\i18n\casetrn.cpp">
      <Filter>Source Files\i18n</Filter>
    </ClCompile>
    <ClCompile Include="src\i18n\cecal.cpp">
      <Filter>Source Files\i18n</Filter>
    </ClCompile>
    <ClCompile Include="src\i18n\chnsecal.cpp">
      <Filter>Source Files\i18n</Filter>
    </ClCompile>
    <ClCompile Include="src\i18n\choicfmt.cpp">
      <Filter>Source Files\i18n</Filter>
    </ClCompile>
    <ClCompile Include="src\i18n\coleitr.cpp">
      <Filter>Source Files\i18n</Filter>
    </ClCompile>
    <ClCompile Include="src\i18n\coll.cpp">
      <Filter>Source Files\i18n</Filter>
    </ClCompile>
    <ClCompile Include="src\i18n\collation.cpp">
      <Filter>Source Files\i18n</Filter>
    </ClCompile>
    <ClCompile Include="src\i18n\collationbuilder.cpp">
      <Filter>Source Files\i18n</Filter>
    </ClCompile>
    <ClCompile Include="src\i18n\collationcompare.cpp">
      <Filter>Source Files\i18n</Filter>
    </ClCompile>
    <ClCompile Include="src\i18n\collationdata.cpp">
      <Filter>Source Files\i18n</Filter>
    </ClCompile>
    <ClCompile Include="src\i18n\collationdatabuilder.cpp">
      <Filter>Source Files\i18n</Filter>
    </ClCompile>
    <ClCompile Include="src\i18n\collationdatareader.cpp">
      <Filter>Source Files\i18n</Filter>
    </ClCompile>
    <ClCompile Include="src\i18n\collationdatawriter.cpp">
      <Filter>Source Files\i18n</Filter>
    </ClCompile>
    <ClCompile Include="src\i18n\collationfastlatin.cpp">
      <Filter>Source Files\i18n</Filter>
    </ClCompile>
    <ClCompile Include="src\i18n\collationfastlatinbuilder.cpp">
      <Filter>Source Files\i18n</Filter>
    </ClCompile>
    <ClCompile Include="src\i18n\collationfcd.cpp">
      <Filter>Source Files\i18n</Filter>
    </ClCompile>
    <ClCompile Include="src\i18n\collationiterator.cpp">
      <Filter>Source Files\i18n</Filter>
    </ClCompile>
    <ClCompile Include="src\i18n\collationkeys.cpp">
      <Filter>Source Files\i18n</Filter>
    </ClCompile>
    <ClCompile Include="src\i18n\collationroot.cpp">
      <Filter>Source Files\i18n</Filter>
    </ClCompile>
    <ClCompile Include="src\i18n\collationrootelements.cpp">
      <Filter>Source Files\i18n</Filter>
    </ClCompile>
    <ClCompile Include="src\i18n\collationruleparser.cpp">
      <Filter>Source Files\i18n</Filter>
    </ClCompile>
    <ClCompile Include="src\i18n\collationsets.cpp">
      <Filter>Source Files\i18n</Filter>
    </ClCompile>
    <ClCompile Include="src\i18n\collationsettings.cpp">
      <Filter>Source Files\i18n</Filter>
    </ClCompile>
    <ClCompile Include="src\i18n\collationtailoring.cpp">
      <Filter>Source Files\i18n</Filter>
    </ClCompile>
    <ClCompile Include="src\i18n\collationweights.cpp">
      <Filter>Source Files\i18n</Filter>
    </ClCompile>
    <ClCompile Include="src\i18n\compactdecimalformat.cpp">
      <Filter>Source Files\i18n</Filter>
    </ClCompile>
    <ClCompile Include="src\i18n\coptccal.cpp">
      <Filter>Source Files\i18n</Filter>
    </ClCompile>
    <ClCompile Include="src\i18n\cpdtrans.cpp">
      <Filter>Source Files\i18n</Filter>
    </ClCompile>
    <ClCompile Include="src\i18n\csdetect.cpp">
      <Filter>Source Files\i18n</Filter>
    </ClCompile>
    <ClCompile Include="src\i18n\csmatch.cpp">
      <Filter>Source Files\i18n</Filter>
    </ClCompile>
    <ClCompile Include="src\i18n\csr2022.cpp">
      <Filter>Source Files\i18n</Filter>
    </ClCompile>
    <ClCompile Include="src\i18n\csrecog.cpp">
      <Filter>Source Files\i18n</Filter>
    </ClCompile>
    <ClCompile Include="src\i18n\csrmbcs.cpp">
      <Filter>Source Files\i18n</Filter>
    </ClCompile>
    <ClCompile Include="src\i18n\csrsbcs.cpp">
      <Filter>Source Files\i18n</Filter>
    </ClCompile>
    <ClCompile Include="src\i18n\csrucode.cpp">
      <Filter>Source Files\i18n</Filter>
    </ClCompile>
    <ClCompile Include="src\i18n\csrutf8.cpp">
      <Filter>Source Files\i18n</Filter>
    </ClCompile>
    <ClCompile Include="src\i18n\curramt.cpp">
      <Filter>Source Files\i18n</Filter>
    </ClCompile>
    <ClCompile Include="src\i18n\currfmt.cpp">
      <Filter>Source Files\i18n</Filter>
    </ClCompile>
    <ClCompile Include="src\i18n\currpinf.cpp">
      <Filter>Source Files\i18n</Filter>
    </ClCompile>
    <ClCompile Include="src\i18n\currunit.cpp">
      <Filter>Source Files\i18n</Filter>
    </ClCompile>
    <ClCompile Include="src\i18n\dangical.cpp">
      <Filter>Source Files\i18n</Filter>
    </ClCompile>
    <ClCompile Include="src\i18n\datefmt.cpp">
      <Filter>Source Files\i18n</Filter>
    </ClCompile>
    <ClCompile Include="src\i18n\dayperiodrules.cpp">
      <Filter>Source Files\i18n</Filter>
    </ClCompile>
    <ClCompile Include="src\i18n\dcfmtsym.cpp">
      <Filter>Source Files\i18n</Filter>
    </ClCompile>
    <ClCompile Include="src\i18n\decContext.c">
      <Filter>Source Files\i18n</Filter>
    </ClCompile>
    <ClCompile Include="src\i18n\decfmtst.cpp">
      <Filter>Source Files\i18n</Filter>
    </ClCompile>
    <ClCompile Include="src\i18n\decimalformatpattern.cpp">
      <Filter>Source Files\i18n</Filter>
    </ClCompile>
    <ClCompile Include="src\i18n\decimfmt.cpp">
      <Filter>Source Files\i18n</Filter>
    </ClCompile>
    <ClCompile Include="src\i18n\decimfmtimpl.cpp">
      <Filter>Source Files\i18n</Filter>
    </ClCompile>
    <ClCompile Include="src\i18n\decNumber.c">
      <Filter>Source Files\i18n</Filter>
    </ClCompile>
    <ClCompile Include="src\i18n\digitaffix.cpp">
      <Filter>Source Files\i18n</Filter>
    </ClCompile>
    <ClCompile Include="src\i18n\digitaffixesandpadding.cpp">
      <Filter>Source Files\i18n</Filter>
    </ClCompile>
    <ClCompile Include="src\i18n\digitformatter.cpp">
      <Filter>Source Files\i18n</Filter>
    </ClCompile>
    <ClCompile Include="src\i18n\digitgrouping.cpp">
      <Filter>Source Files\i18n</Filter>
    </ClCompile>
    <ClCompile Include="src\i18n\digitinterval.cpp">
      <Filter>Source Files\i18n</Filter>
    </ClCompile>
    <ClCompile Include="src\i18n\digitlst.cpp">
      <Filter>Source Files\i18n</Filter>
    </ClCompile>
    <ClCompile Include="src\i18n\dtfmtsym.cpp">
      <Filter>Source Files\i18n</Filter>
    </ClCompile>
    <ClCompile Include="src\i18n\dtitvfmt.cpp">
      <Filter>Source Files\i18n</Filter>
    </ClCompile>
    <ClCompile Include="src\i18n\dtitvinf.cpp">
      <Filter>Source Files\i18n</Filter>
    </ClCompile>
    <ClCompile Include="src\i18n\dtptngen.cpp">
      <Filter>Source Files\i18n</Filter>
    </ClCompile>
    <ClCompile Include="src\i18n\dtrule.cpp">
      <Filter>Source Files\i18n</Filter>
    </ClCompile>
    <ClCompile Include="src\i18n\esctrn.cpp">
      <Filter>Source Files\i18n</Filter>
    </ClCompile>
    <ClCompile Include="src\i18n\ethpccal.cpp">
      <Filter>Source Files\i18n</Filter>
    </ClCompile>
    <ClCompile Include="src\i18n\fmtable.cpp">
      <Filter>Source Files\i18n</Filter>
    </ClCompile>
    <ClCompile Include="src\i18n\fmtable_cnv.cpp">
      <Filter>Source Files\i18n</Filter>
    </ClCompile>
    <ClCompile Include="src\i18n\format.cpp">
      <Filter>Source Files\i18n</Filter>
    </ClCompile>
    <ClCompile Include="src\i18n\fphdlimp.cpp">
      <Filter>Source Files\i18n</Filter>
    </ClCompile>
    <ClCompile Include="src\i18n\fpositer.cpp">
      <Filter>Source Files\i18n</Filter>
    </ClCompile>
    <ClCompile Include="src\i18n\funcrepl.cpp">
      <Filter>Source Files\i18n</Filter>
    </ClCompile>
    <ClCompile Include="src\i18n\gender.cpp">
      <Filter>Source Files\i18n</Filter>
    </ClCompile>
    <ClCompile Include="src\i18n\gregocal.cpp">
      <Filter>Source Files\i18n</Filter>
    </ClCompile>
    <ClCompile Include="src\i18n\gregoimp.cpp">
      <Filter>Source Files\i18n</Filter>
    </ClCompile>
    <ClCompile Include="src\i18n\hebrwcal.cpp">
      <Filter>Source Files\i18n</Filter>
    </ClCompile>
    <ClCompile Include="src\i18n\identifier_info.cpp">
      <Filter>Source Files\i18n</Filter>
    </ClCompile>
    <ClCompile Include="src\i18n\indiancal.cpp">
      <Filter>Source Files\i18n</Filter>
    </ClCompile>
    <ClCompile Include="src\i18n\inputext.cpp">
      <Filter>Source Files\i18n</Filter>
    </ClCompile>
    <ClCompile Include="src\i18n\islamcal.cpp">
      <Filter>Source Files\i18n</Filter>
    </ClCompile>
    <ClCompile Include="src\i18n\japancal.cpp">
      <Filter>Source Files\i18n</Filter>
    </ClCompile>
    <ClCompile Include="src\i18n\measfmt.cpp">
      <Filter>Source Files\i18n</Filter>
    </ClCompile>
    <ClCompile Include="src\i18n\measunit.cpp">
      <Filter>Source Files\i18n</Filter>
    </ClCompile>
    <ClCompile Include="src\i18n\measure.cpp">
      <Filter>Source Files\i18n</Filter>
    </ClCompile>
    <ClCompile Include="src\i18n\msgfmt.cpp">
      <Filter>Source Files\i18n</Filter>
    </ClCompile>
    <ClCompile Include="src\i18n\name2uni.cpp">
      <Filter>Source Files\i18n</Filter>
    </ClCompile>
    <ClCompile Include="src\i18n\nfrs.cpp">
      <Filter>Source Files\i18n</Filter>
    </ClCompile>
    <ClCompile Include="src\i18n\nfrule.cpp">
      <Filter>Source Files\i18n</Filter>
    </ClCompile>
    <ClCompile Include="src\i18n\nfsubs.cpp">
      <Filter>Source Files\i18n</Filter>
    </ClCompile>
    <ClCompile Include="src\i18n\nortrans.cpp">
      <Filter>Source Files\i18n</Filter>
    </ClCompile>
    <ClCompile Include="src\i18n\nultrans.cpp">
      <Filter>Source Files\i18n</Filter>
    </ClCompile>
    <ClCompile Include="src\i18n\numfmt.cpp">
      <Filter>Source Files\i18n</Filter>
    </ClCompile>
    <ClCompile Include="src\i18n\numsys.cpp">
      <Filter>Source Files\i18n</Filter>
    </ClCompile>
    <ClCompile Include="src\i18n\olsontz.cpp">
      <Filter>Source Files\i18n</Filter>
    </ClCompile>
    <ClCompile Include="src\i18n\persncal.cpp">
      <Filter>Source Files\i18n</Filter>
    </ClCompile>
    <ClCompile Include="src\i18n\pluralaffix.cpp">
      <Filter>Source Files\i18n</Filter>
    </ClCompile>
    <ClCompile Include="src\i18n\plurfmt.cpp">
      <Filter>Source Files\i18n</Filter>
    </ClCompile>
    <ClCompile Include="src\i18n\plurrule.cpp">
      <Filter>Source Files\i18n</Filter>
    </ClCompile>
    <ClCompile Include="src\i18n\precision.cpp">
      <Filter>Source Files\i18n</Filter>
    </ClCompile>
    <ClCompile Include="src\i18n\quant.cpp">
      <Filter>Source Files\i18n</Filter>
    </ClCompile>
    <ClCompile Include="src\i18n\quantityformatter.cpp">
      <Filter>Source Files\i18n</Filter>
    </ClCompile>
    <ClCompile Include="src\i18n\rbnf.cpp">
      <Filter>Source Files\i18n</Filter>
    </ClCompile>
    <ClCompile Include="src\i18n\rbt.cpp">
      <Filter>Source Files\i18n</Filter>
    </ClCompile>
    <ClCompile Include="src\i18n\rbt_data.cpp">
      <Filter>Source Files\i18n</Filter>
    </ClCompile>
    <ClCompile Include="src\i18n\rbt_pars.cpp">
      <Filter>Source Files\i18n</Filter>
    </ClCompile>
    <ClCompile Include="src\i18n\rbt_rule.cpp">
      <Filter>Source Files\i18n</Filter>
    </ClCompile>
    <ClCompile Include="src\i18n\rbt_set.cpp">
      <Filter>Source Files\i18n</Filter>
    </ClCompile>
    <ClCompile Include="src\i18n\rbtz.cpp">
      <Filter>Source Files\i18n</Filter>
    </ClCompile>
    <ClCompile Include="src\i18n\regexcmp.cpp">
      <Filter>Source Files\i18n</Filter>
    </ClCompile>
    <ClCompile Include="src\i18n\regeximp.cpp">
      <Filter>Source Files\i18n</Filter>
    </ClCompile>
    <ClCompile Include="src\i18n\regexst.cpp">
      <Filter>Source Files\i18n</Filter>
    </ClCompile>
    <ClCompile Include="src\i18n\regextxt.cpp">
      <Filter>Source Files\i18n</Filter>
    </ClCompile>
    <ClCompile Include="src\i18n\region.cpp">
      <Filter>Source Files\i18n</Filter>
    </ClCompile>
    <ClCompile Include="src\i18n\reldatefmt.cpp">
      <Filter>Source Files\i18n</Filter>
    </ClCompile>
    <ClCompile Include="src\i18n\reldtfmt.cpp">
      <Filter>Source Files\i18n</Filter>
    </ClCompile>
    <ClCompile Include="src\i18n\rematch.cpp">
      <Filter>Source Files\i18n</Filter>
    </ClCompile>
    <ClCompile Include="src\i18n\remtrans.cpp">
      <Filter>Source Files\i18n</Filter>
    </ClCompile>
    <ClCompile Include="src\i18n\repattrn.cpp">
      <Filter>Source Files\i18n</Filter>
    </ClCompile>
    <ClCompile Include="src\i18n\rulebasedcollator.cpp">
      <Filter>Source Files\i18n</Filter>
    </ClCompile>
    <ClCompile Include="src\i18n\scientificnumberformatter.cpp">
      <Filter>Source Files\i18n</Filter>
    </ClCompile>
    <ClCompile Include="src\i18n\scriptset.cpp">
      <Filter>Source Files\i18n</Filter>
    </ClCompile>
    <ClCompile Include="src\i18n\search.cpp">
      <Filter>Source Files\i18n</Filter>
    </ClCompile>
    <ClCompile Include="src\i18n\selfmt.cpp">
      <Filter>Source Files\i18n</Filter>
    </ClCompile>
    <ClCompile Include="src\i18n\sharedbreakiterator.cpp">
      <Filter>Source Files\i18n</Filter>
    </ClCompile>
    <ClCompile Include="src\i18n\simpletz.cpp">
      <Filter>Source Files\i18n</Filter>
    </ClCompile>
    <ClCompile Include="src\i18n\smallintformatter.cpp">
      <Filter>Source Files\i18n</Filter>
    </ClCompile>
    <ClCompile Include="src\i18n\smpdtfmt.cpp">
      <Filter>Source Files\i18n</Filter>
    </ClCompile>
    <ClCompile Include="src\i18n\smpdtfst.cpp">
      <Filter>Source Files\i18n</Filter>
    </ClCompile>
    <ClCompile Include="src\i18n\sortkey.cpp">
      <Filter>Source Files\i18n</Filter>
    </ClCompile>
    <ClCompile Include="src\i18n\standardplural.cpp">
      <Filter>Source Files\i18n</Filter>
    </ClCompile>
    <ClCompile Include="src\i18n\strmatch.cpp">
      <Filter>Source Files\i18n</Filter>
    </ClCompile>
    <ClCompile Include="src\i18n\strrepl.cpp">
      <Filter>Source Files\i18n</Filter>
    </ClCompile>
    <ClCompile Include="src\i18n\stsearch.cpp">
      <Filter>Source Files\i18n</Filter>
    </ClCompile>
    <ClCompile Include="src\i18n\taiwncal.cpp">
      <Filter>Source Files\i18n</Filter>
    </ClCompile>
    <ClCompile Include="src\i18n\timezone.cpp">
      <Filter>Source Files\i18n</Filter>
    </ClCompile>
    <ClCompile Include="src\i18n\titletrn.cpp">
      <Filter>Source Files\i18n</Filter>
    </ClCompile>
    <ClCompile Include="src\i18n\tmunit.cpp">
      <Filter>Source Files\i18n</Filter>
    </ClCompile>
    <ClCompile Include="src\i18n\tmutamt.cpp">
      <Filter>Source Files\i18n</Filter>
    </ClCompile>
    <ClCompile Include="src\i18n\tmutfmt.cpp">
      <Filter>Source Files\i18n</Filter>
    </ClCompile>
    <ClCompile Include="src\i18n\tolowtrn.cpp">
      <Filter>Source Files\i18n</Filter>
    </ClCompile>
    <ClCompile Include="src\i18n\toupptrn.cpp">
      <Filter>Source Files\i18n</Filter>
    </ClCompile>
    <ClCompile Include="src\i18n\translit.cpp">
      <Filter>Source Files\i18n</Filter>
    </ClCompile>
    <ClCompile Include="src\i18n\transreg.cpp">
      <Filter>Source Files\i18n</Filter>
    </ClCompile>
    <ClCompile Include="src\i18n\tridpars.cpp">
      <Filter>Source Files\i18n</Filter>
    </ClCompile>
    <ClCompile Include="src\i18n\tzfmt.cpp">
      <Filter>Source Files\i18n</Filter>
    </ClCompile>
    <ClCompile Include="src\i18n\tzgnames.cpp">
      <Filter>Source Files\i18n</Filter>
    </ClCompile>
    <ClCompile Include="src\i18n\tznames.cpp">
      <Filter>Source Files\i18n</Filter>
    </ClCompile>
    <ClCompile Include="src\i18n\tznames_impl.cpp">
      <Filter>Source Files\i18n</Filter>
    </ClCompile>
    <ClCompile Include="src\i18n\tzrule.cpp">
      <Filter>Source Files\i18n</Filter>
    </ClCompile>
    <ClCompile Include="src\i18n\tztrans.cpp">
      <Filter>Source Files\i18n</Filter>
    </ClCompile>
    <ClCompile Include="src\i18n\ucal.cpp">
      <Filter>Source Files\i18n</Filter>
    </ClCompile>
    <ClCompile Include="src\i18n\ucln_in.cpp">
      <Filter>Source Files\i18n</Filter>
    </ClCompile>
    <ClCompile Include="src\i18n\ucol.cpp">
      <Filter>Source Files\i18n</Filter>
    </ClCompile>
    <ClCompile Include="src\i18n\ucol_res.cpp">
      <Filter>Source Files\i18n</Filter>
    </ClCompile>
    <ClCompile Include="src\i18n\ucol_sit.cpp">
      <Filter>Source Files\i18n</Filter>
    </ClCompile>
    <ClCompile Include="src\i18n\ucoleitr.cpp">
      <Filter>Source Files\i18n</Filter>
    </ClCompile>
    <ClCompile Include="src\i18n\ucsdet.cpp">
      <Filter>Source Files\i18n</Filter>
    </ClCompile>
    <ClCompile Include="src\i18n\udat.cpp">
      <Filter>Source Files\i18n</Filter>
    </ClCompile>
    <ClCompile Include="src\i18n\udateintervalformat.cpp">
      <Filter>Source Files\i18n</Filter>
    </ClCompile>
    <ClCompile Include="src\i18n\udatpg.cpp">
      <Filter>Source Files\i18n</Filter>
    </ClCompile>
    <ClCompile Include="src\i18n\ufieldpositer.cpp">
      <Filter>Source Files\i18n</Filter>
    </ClCompile>
    <ClCompile Include="src\i18n\uitercollationiterator.cpp">
      <Filter>Source Files\i18n</Filter>
    </ClCompile>
    <ClCompile Include="src\i18n\ulocdata.c">
      <Filter>Source Files\i18n</Filter>
    </ClCompile>
    <ClCompile Include="src\i18n\umsg.cpp">
      <Filter>Source Files\i18n</Filter>
    </ClCompile>
    <ClCompile Include="src\i18n\unesctrn.cpp">
      <Filter>Source Files\i18n</Filter>
    </ClCompile>
    <ClCompile Include="src\i18n\uni2name.cpp">
      <Filter>Source Files\i18n</Filter>
    </ClCompile>
    <ClCompile Include="src\i18n\unum.cpp">
      <Filter>Source Files\i18n</Filter>
    </ClCompile>
    <ClCompile Include="src\i18n\unumsys.cpp">
      <Filter>Source Files\i18n</Filter>
    </ClCompile>
    <ClCompile Include="src\i18n\upluralrules.cpp">
      <Filter>Source Files\i18n</Filter>
    </ClCompile>
    <ClCompile Include="src\i18n\uregex.cpp">
      <Filter>Source Files\i18n</Filter>
    </ClCompile>
    <ClCompile Include="src\i18n\uregexc.cpp">
      <Filter>Source Files\i18n</Filter>
    </ClCompile>
    <ClCompile Include="src\i18n\uregion.cpp">
      <Filter>Source Files\i18n</Filter>
    </ClCompile>
    <ClCompile Include="src\i18n\usearch.cpp">
      <Filter>Source Files\i18n</Filter>
    </ClCompile>
    <ClCompile Include="src\i18n\uspoof.cpp">
      <Filter>Source Files\i18n</Filter>
    </ClCompile>
    <ClCompile Include="src\i18n\uspoof_build.cpp">
      <Filter>Source Files\i18n</Filter>
    </ClCompile>
    <ClCompile Include="src\i18n\uspoof_conf.cpp">
      <Filter>Source Files\i18n</Filter>
    </ClCompile>
    <ClCompile Include="src\i18n\uspoof_impl.cpp">
      <Filter>Source Files\i18n</Filter>
    </ClCompile>
    <ClCompile Include="src\i18n\uspoof_wsconf.cpp">
      <Filter>Source Files\i18n</Filter>
    </ClCompile>
    <ClCompile Include="src\i18n\utf8collationiterator.cpp">
      <Filter>Source Files\i18n</Filter>
    </ClCompile>
    <ClCompile Include="src\i18n\utf16collationiterator.cpp">
      <Filter>Source Files\i18n</Filter>
    </ClCompile>
    <ClCompile Include="src\i18n\utmscale.c">
      <Filter>Source Files\i18n</Filter>
    </ClCompile>
    <ClCompile Include="src\i18n\utrans.cpp">
      <Filter>Source Files\i18n</Filter>
    </ClCompile>
    <ClCompile Include="src\i18n\valueformatter.cpp">
      <Filter>Source Files\i18n</Filter>
    </ClCompile>
    <ClCompile Include="src\i18n\visibledigits.cpp">
      <Filter>Source Files\i18n</Filter>
    </ClCompile>
    <ClCompile Include="src\i18n\vtzone.cpp">
      <Filter>Source Files\i18n</Filter>
    </ClCompile>
    <ClCompile Include="src\i18n\vzone.cpp">
      <Filter>Source Files\i18n</Filter>
    </ClCompile>
    <ClCompile Include="src\i18n\windtfmt.cpp">
      <Filter>Source Files\i18n</Filter>
    </ClCompile>
    <ClCompile Include="src\i18n\winnmfmt.cpp">
      <Filter>Source Files\i18n</Filter>
    </ClCompile>
    <ClCompile Include="src\i18n\wintzimpl.cpp">
      <Filter>Source Files\i18n</Filter>
    </ClCompile>
    <ClCompile Include="src\i18n\zonemeta.cpp">
      <Filter>Source Files\i18n</Filter>
    </ClCompile>
    <ClCompile Include="src\i18n\zrule.cpp">
      <Filter>Source Files\i18n</Filter>
    </ClCompile>
    <ClCompile Include="src\i18n\ztrans.cpp">
      <Filter>Source Files\i18n</Filter>
    </ClCompile>
    <ClCompile Include="src\stubdata.c">
      <Filter>Source Files</Filter>
    </ClCompile>
  </ItemGroup>
</Project>