<?xml version="1.0" encoding="utf-8"?>
<Project ToolsVersion="4.0" xmlns="http://schemas.microsoft.com/developer/msbuild/2003">
  <ItemGroup>
    <Filter Include="Source Files">
      <UniqueIdentifier>{4FC737F1-C7A5-4376-A066-2A32D752A2FF}</UniqueIdentifier>
      <Extensions>cpp;c;cc;cxx;def;odl;idl;hpj;bat;asm;asmx</Extensions>
    </Filter>
    <Filter Include="Header Files">
      <UniqueIdentifier>{93995380-89BD-4b04-88EB-625FBE52EBFB}</UniqueIdentifier>
      <Extensions>h;hpp;hxx;hm;inl;inc;xsd</Extensions>
    </Filter>
  </ItemGroup>
  <ItemGroup>
    <ClInclude Include="include\jsapi.h">
      <Filter>Header Files</Filter>
    </ClInclude>
    <ClInclude Include="include\jsautocfg.h">
      <Filter>Header Files</Filter>
    </ClInclude>
    <ClInclude Include="include\jscompat.h">
      <Filter>Header Files</Filter>
    </ClInclude>
    <ClInclude Include="include\jsconfig.h">
      <Filter>Header Files</Filter>
    </ClInclude>
    <ClInclude Include="include\jslong.h">
      <Filter>Header Files</Filter>
    </ClInclude>
    <ClInclude Include="include\jsotypes.h">
      <Filter>Header Files</Filter>
    </ClInclude>
    <ClInclude Include="include\jspubtd.h">
      <Filter>Header Files</Filter>
    </ClInclude>
    <ClInclude Include="include\jstypes.h">
      <Filter>Header Files</Filter>
    </ClInclude>
    <ClInclude Include="include\jsutil.h">
      <Filter>Header Files</Filter>
    </ClInclude>
    <ClInclude Include="src\jsarena.h">
      <Filter>Source Files</Filter>
    </ClInclude>
    <ClInclude Include="src\jsarray.h">
      <Filter>Source Files</Filter>
    </ClInclude>
    <ClInclude Include="src\jsatom.h">
      <Filter>Source Files</Filter>
    </ClInclude>
    <ClInclude Include="src\jsautokw.h">
      <Filter>Source Files</Filter>
    </ClInclude>
    <ClInclude Include="src\jsbit.h">
      <Filter>Source Files</Filter>
    </ClInclude>
    <ClInclude Include="src\jsbool.h">
      <Filter>Source Files</Filter>
    </ClInclude>
    <ClInclude Include="src\jsclist.h">
      <Filter>Source Files</Filter>
    </ClInclude>
    <ClInclude Include="src\jscntxt.h">
      <Filter>Source Files</Filter>
    </ClInclude>
    <ClInclude Include="src\jsdate.h">
      <Filter>Source Files</Filter>
    </ClInclude>
    <ClInclude Include="src\jsdbgapi.h">
      <Filter>Source Files</Filter>
    </ClInclude>
    <ClInclude Include="src\jsdhash.h">
      <Filter>Source Files</Filter>
    </ClInclude>
    <ClInclude Include="src\jsdtoa.h">
      <Filter>Source Files</Filter>
    </ClInclude>
    <ClInclude Include="src\jsemit.h">
      <Filter>Source Files</Filter>
    </ClInclude>
    <ClInclude Include="src\jsexn.h">
      <Filter>Source Files</Filter>
    </ClInclude>
    <ClInclude Include="src\jsfun.h">
      <Filter>Source Files</Filter>
    </ClInclude>
    <ClInclude Include="src\jsgc.h">
      <Filter>Source Files</Filter>
    </ClInclude>
    <ClInclude Include="src\jshash.h">
      <Filter>Source Files</Filter>
    </ClInclude>
    <ClInclude Include="src\jsinterp.h">
      <Filter>Source Files</Filter>
    </ClInclude>
    <ClInclude Include="src\jsiter.h">
      <Filter>Source Files</Filter>
    </ClInclude>
    <ClInclude Include="src\jslibmath.h">
      <Filter>Source Files</Filter>
    </ClInclude>
    <ClInclude Include="src\jslock.h">
      <Filter>Source Files</Filter>
    </ClInclude>
    <ClInclude Include="src\jsmath.h">
      <Filter>Source Files</Filter>
    </ClInclude>
    <ClInclude Include="src\jsnum.h">
      <Filter>Source Files</Filter>
    </ClInclude>
    <ClInclude Include="src\jsobj.h">
      <Filter>Source Files</Filter>
    </ClInclude>
    <ClInclude Include="src\jsopcode.h">
      <Filter>Source Files</Filter>
    </ClInclude>
    <ClInclude Include="src\jsparse.h">
      <Filter>Source Files</Filter>
    </ClInclude>
    <ClInclude Include="src\jsprf.h">
      <Filter>Source Files</Filter>
    </ClInclude>
    <ClInclude Include="src\jsprvtd.h">
      <Filter>Source Files</Filter>
    </ClInclude>
    <ClInclude Include="src\jsregexp.h">
      <Filter>Source Files</Filter>
    </ClInclude>
    <ClInclude Include="src\jsscan.h">
      <Filter>Source Files</Filter>
    </ClInclude>
    <ClInclude Include="src\jsscope.h">
      <Filter>Source Files</Filter>
    </ClInclude>
    <ClInclude Include="src\jsscript.h">
      <Filter>Source Files</Filter>
    </ClInclude>
    <ClInclude Include="src\jsstddef.h">
      <Filter>Source Files</Filter>
    </ClInclude>
    <ClInclude Include="src\jsstr.h">
      <Filter>Source Files</Filter>
    </ClInclude>
    <ClInclude Include="src\jsxdrapi.h">
      <Filter>Source Files</Filter>
    </ClInclude>
    <ClInclude Include="src\prmjtime.h">
      <Filter>Source Files</Filter>
    </ClInclude>
  </ItemGroup>
  <ItemGroup>
    <None Include="include\jsproto.tbl">
      <Filter>Header Files</Filter>
    </None>
    <None Include="src\js.msg">
      <Filter>Source Files</Filter>
    </None>
    <None Include="src\jskeyword.tbl">
      <Filter>Source Files</Filter>
    </None>
    <None Include="src\jsopcode.tbl">
      <Filter>Source Files</Filter>
    </None>
    <None Include="src\jsreops.tbl">
      <Filter>Source Files</Filter>
    </None>
  </ItemGroup>
  <ItemGroup>
    <ClCompile Include="src\jsapi.c">
      <Filter>Source Files</Filter>
    </ClCompile>
    <ClCompile Include="src\jsarena.c">
      <Filter>Source Files</Filter>
    </ClCompile>
    <ClCompile Include="src\jsarray.c">
      <Filter>Source Files</Filter>
    </ClCompile>
    <ClCompile Include="src\jsatom.c">
      <Filter>Source Files</Filter>
    </ClCompile>
    <ClCompile Include="src\jsbool.c">
      <Filter>Source Files</Filter>
    </ClCompile>
    <ClCompile Include="src\jscntxt.c">
      <Filter>Source Files</Filter>
    </ClCompile>
    <ClCompile Include="src\jsdate.c">
      <Filter>Source Files</Filter>
    </ClCompile>
    <ClCompile Include="src\jsdbgapi.c">
      <Filter>Source Files</Filter>
    </ClCompile>
    <ClCompile Include="src\jsdhash.c">
      <Filter>Source Files</Filter>
    </ClCompile>
    <ClCompile Include="src\jsdtoa.c">
      <Filter>Source Files</Filter>
    </ClCompile>
    <ClCompile Include="src\jsemit.c">
      <Filter>Source Files</Filter>
    </ClCompile>
    <ClCompile Include="src\jsexn.c">
      <Filter>Source Files</Filter>
    </ClCompile>
    <ClCompile Include="src\jsfun.c">
      <Filter>Source Files</Filter>
    </ClCompile>
    <ClCompile Include="src\jsgc.c">
      <Filter>Source Files</Filter>
    </ClCompile>
    <ClCompile Include="src\jshash.c">
      <Filter>Source Files</Filter>
    </ClCompile>
    <ClCompile Include="src\jsinterp.c">
      <Filter>Source Files</Filter>
    </ClCompile>
    <ClCompile Include="src\jsinvoke.c">
      <Filter>Source Files</Filter>
    </ClCompile>
    <ClCompile Include="src\jsiter.c">
      <Filter>Source Files</Filter>
    </ClCompile>
    <ClCompile Include="src\jslock.c">
      <Filter>Source Files</Filter>
    </ClCompile>
    <ClCompile Include="src\jslog2.c">
      <Filter>Source Files</Filter>
    </ClCompile>
    <ClCompile Include="src\jslong.c">
      <Filter>Source Files</Filter>
    </ClCompile>
    <ClCompile Include="src\jsmath.c">
      <Filter>Source Files</Filter>
    </ClCompile>
    <ClCompile Include="src\jsnum.c">
      <Filter>Source Files</Filter>
    </ClCompile>
    <ClCompile Include="src\jsobj.c">
      <Filter>Source Files</Filter>
    </ClCompile>
    <ClCompile Include="src\jsopcode.c">
      <Filter>Source Files</Filter>
    </ClCompile>
    <ClCompile Include="src\jsparse.c">
      <Filter>Source Files</Filter>
    </ClCompile>
    <ClCompile Include="src\jsprf.c">
      <Filter>Source Files</Filter>
    </ClCompile>
    <ClCompile Include="src\jsregexp.c">
      <Filter>Source Files</Filter>
    </ClCompile>
    <ClCompile Include="src\jsscan.c">
      <Filter>Source Files</Filter>
    </ClCompile>
    <ClCompile Include="src\jsscope.c">
      <Filter>Source Files</Filter>
    </ClCompile>
    <ClCompile Include="src\jsscript.c">
      <Filter>Source Files</Filter>
    </ClCompile>
    <ClCompile Include="src\jsstr.c">
      <Filter>Source Files</Filter>
    </ClCompile>
    <ClCompile Include="src\jsutil.c">
      <Filter>Source Files</Filter>
    </ClCompile>
    <ClCompile Include="src\jsxdrapi.c">
      <Filter>Source Files</Filter>
    </ClCompile>
    <ClCompile Include="src\prmjtime.c">
      <Filter>Source Files</Filter>
    </ClCompile>
  </ItemGroup>
</Project>