<?xml version="1.0" encoding="utf-8"?>
<Project ToolsVersion="4.0" xmlns="http://schemas.microsoft.com/developer/msbuild/2003">
  <ItemGroup>
    <Filter Include="Source Files">
      <UniqueIdentifier>{4FC737F1-C7A5-4376-A066-2A32D752A2FF}</UniqueIdentifier>
      <Extensions>cpp;c;cc;cxx;def;odl;idl;hpj;bat;asm;asmx</Extensions>
    </Filter>
    <Filter Include="Header Files">
      <UniqueIdentifier>{93995380-89BD-4b04-88EB-625FBE52EBFB}</UniqueIdentifier>
      <Extensions>h;hpp;hxx;hm;inl;inc;xsd</Extensions>
    </Filter>
    <Filter Include="Resource Files">
      <UniqueIdentifier>{67DA6AB6-F800-4c08-8B7A-83BB121AAD01}</UniqueIdentifier>
      <Extensions>rc;ico;cur;bmp;dlg;rc2;rct;bin;rgs;gif;jpg;jpeg;jpe;resx;tiff;tif;png;wav;mfcribbon-ms</Extensions>
    </Filter>
  </ItemGroup>
  <ItemGroup>
    <ClInclude Include="mbedtls\aes.h">
      <Filter>Header Files</Filter>
    </ClInclude>
    <ClInclude Include="mbedtls\aesni.h">
      <Filter>Header Files</Filter>
    </ClInclude>
    <ClInclude Include="mbedtls\arc4.h">
      <Filter>Header Files</Filter>
    </ClInclude>
    <ClInclude Include="mbedtls\asn1.h">
      <Filter>Header Files</Filter>
    </ClInclude>
    <ClInclude Include="mbedtls\asn1write.h">
      <Filter>Header Files</Filter>
    </ClInclude>
    <ClInclude Include="mbedtls\base64.h">
      <Filter>Header Files</Filter>
    </ClInclude>
    <ClInclude Include="mbedtls\bignum.h">
      <Filter>Header Files</Filter>
    </ClInclude>
    <ClInclude Include="mbedtls\blowfish.h">
      <Filter>Header Files</Filter>
    </ClInclude>
    <ClInclude Include="mbedtls\bn_mul.h">
      <Filter>Header Files</Filter>
    </ClInclude>
    <ClInclude Include="mbedtls\camellia.h">
      <Filter>Header Files</Filter>
    </ClInclude>
    <ClInclude Include="mbedtls\ccm.h">
      <Filter>Header Files</Filter>
    </ClInclude>
    <ClInclude Include="mbedtls\certs.h">
      <Filter>Header Files</Filter>
    </ClInclude>
    <ClInclude Include="mbedtls\check_config.h">
      <Filter>Header Files</Filter>
    </ClInclude>
    <ClInclude Include="mbedtls\cipher.h">
      <Filter>Header Files</Filter>
    </ClInclude>
    <ClInclude Include="mbedtls\cipher_internal.h">
      <Filter>Header Files</Filter>
    </ClInclude>
    <ClInclude Include="mbedtls\compat-1.3.h">
      <Filter>Header Files</Filter>
    </ClInclude>
    <ClInclude Include="mbedtls\config.h">
      <Filter>Header Files</Filter>
    </ClInclude>
    <ClInclude Include="mbedtls\ctr_drbg.h">
      <Filter>Header Files</Filter>
    </ClInclude>
    <ClInclude Include="mbedtls\debug.h">
      <Filter>Header Files</Filter>
    </ClInclude>
    <ClInclude Include="mbedtls\des.h">
      <Filter>Header Files</Filter>
    </ClInclude>
    <ClInclude Include="mbedtls\dhm.h">
      <Filter>Header Files</Filter>
    </ClInclude>
    <ClInclude Include="mbedtls\ecdh.h">
      <Filter>Header Files</Filter>
    </ClInclude>
    <ClInclude Include="mbedtls\ecdsa.h">
      <Filter>Header Files</Filter>
    </ClInclude>
    <ClInclude Include="mbedtls\ecp.h">
      <Filter>Header Files</Filter>
    </ClInclude>
    <ClInclude Include="mbedtls\entropy.h">
      <Filter>Header Files</Filter>
    </ClInclude>
    <ClInclude Include="mbedtls\entropy_poll.h">
      <Filter>Header Files</Filter>
    </ClInclude>
    <ClInclude Include="mbedtls\error.h">
      <Filter>Header Files</Filter>
    </ClInclude>
    <ClInclude Include="mbedtls\gcm.h">
      <Filter>Header Files</Filter>
    </ClInclude>
    <ClInclude Include="mbedtls\havege.h">
      <Filter>Header Files</Filter>
    </ClInclude>
    <ClInclude Include="mbedtls\hmac_drbg.h">
      <Filter>Header Files</Filter>
    </ClInclude>
    <ClInclude Include="mbedtls\md.h">
      <Filter>Header Files</Filter>
    </ClInclude>
    <ClInclude Include="mbedtls\md_wrap.h">
      <Filter>Header Files</Filter>
    </ClInclude>
    <ClInclude Include="mbedtls\md2.h">
      <Filter>Header Files</Filter>
    </ClInclude>
    <ClInclude Include="mbedtls\md4.h">
      <Filter>Header Files</Filter>
    </ClInclude>
    <ClInclude Include="mbedtls\md5.h">
      <Filter>Header Files</Filter>
    </ClInclude>
    <ClInclude Include="mbedtls\md_internal.h">
      <Filter>Header Files</Filter>
    </ClInclude>
    <ClInclude Include="mbedtls\memory_buffer_alloc.h">
      <Filter>Header Files</Filter>
    </ClInclude>
    <ClInclude Include="mbedtls\net.h">
      <Filter>Header Files</Filter>
    </ClInclude>
    <ClInclude Include="mbedtls\oid.h">
      <Filter>Header Files</Filter>
    </ClInclude>
    <ClInclude Include="mbedtls\padlock.h">
      <Filter>Header Files</Filter>
    </ClInclude>
    <ClInclude Include="mbedtls\pem.h">
      <Filter>Header Files</Filter>
    </ClInclude>
    <ClInclude Include="mbedtls\pk.h">
      <Filter>Header Files</Filter>
    </ClInclude>
    <ClInclude Include="mbedtls\pk_internal.h">
      <Filter>Header Files</Filter>
    </ClInclude>
    <ClInclude Include="mbedtls\pkcs5.h">
      <Filter>Header Files</Filter>
    </ClInclude>
    <ClInclude Include="mbedtls\pkcs11.h">
      <Filter>Header Files</Filter>
    </ClInclude>
    <ClInclude Include="mbedtls\pkcs12.h">
      <Filter>Header Files</Filter>
    </ClInclude>
    <ClInclude Include="mbedtls\platform.h">
      <Filter>Header Files</Filter>
    </ClInclude>
    <ClInclude Include="mbedtls\ripemd160.h">
      <Filter>Header Files</Filter>
    </ClInclude>
    <ClInclude Include="mbedtls\rsa.h">
      <Filter>Header Files</Filter>
    </ClInclude>
    <ClInclude Include="mbedtls\sha1.h">
      <Filter>Header Files</Filter>
    </ClInclude>
    <ClInclude Include="mbedtls\sha256.h">
      <Filter>Header Files</Filter>
    </ClInclude>
    <ClInclude Include="mbedtls\sha512.h">
      <Filter>Header Files</Filter>
    </ClInclude>
    <ClInclude Include="mbedtls\ssl.h">
      <Filter>Header Files</Filter>
    </ClInclude>
    <ClInclude Include="mbedtls\ssl_cache.h">
      <Filter>Header Files</Filter>
    </ClInclude>
    <ClInclude Include="mbedtls\ssl_ciphersuites.h">
      <Filter>Header Files</Filter>
    </ClInclude>
    <ClInclude Include="mbedtls\ssl_cookie.h">
      <Filter>Header Files</Filter>
    </ClInclude>
    <ClInclude Include="mbedtls\ssl_ticket.h">
      <Filter>Header Files</Filter>
    </ClInclude>
    <ClInclude Include="mbedtls\ssl_ciphersuites.h">
      <Filter>Header Files</Filter>
    </ClInclude>
    <ClInclude Include="mbedtls\threading.h">
      <Filter>Header Files</Filter>
    </ClInclude>
    <ClInclude Include="mbedtls\timing.h">
      <Filter>Header Files</Filter>
    </ClInclude>
    <ClInclude Include="mbedtls\version.h">
      <Filter>Header Files</Filter>
    </ClInclude>
    <ClInclude Include="mbedtls\x509.h">
      <Filter>Header Files</Filter>
    </ClInclude>
    <ClInclude Include="mbedtls\x509_crl.h">
      <Filter>Header Files</Filter>
    </ClInclude>
    <ClInclude Include="mbedtls\x509_crt.h">
      <Filter>Header Files</Filter>
    </ClInclude>
    <ClInclude Include="mbedtls\x509_csr.h">
      <Filter>Header Files</Filter>
    </ClInclude>
    <ClInclude Include="mbedtls\xtea.h">
      <Filter>Header Files</Filter>
    </ClInclude>
  </ItemGroup>
  <ItemGroup>
    <ClCompile Include="src\aes.c">
      <Filter>Source Files</Filter>
    </ClCompile>
    <ClCompile Include="src\aesni.c">
      <Filter>Source Files</Filter>
    </ClCompile>
    <ClCompile Include="src\arc4.c">
      <Filter>Source Files</Filter>
    </ClCompile>
    <ClCompile Include="src\asn1parse.c">
      <Filter>Source Files</Filter>
    </ClCompile>
    <ClCompile Include="src\asn1write.c">
      <Filter>Source Files</Filter>
    </ClCompile>
    <ClCompile Include="src\base64.c">
      <Filter>Source Files</Filter>
    </ClCompile>
    <ClCompile Include="src\blowfish.c">
      <Filter>Source Files</Filter>
    </ClCompile>
    <ClCompile Include="src\camellia.c">
      <Filter>Source Files</Filter>
    </ClCompile>
    <ClCompile Include="src\ccm.c">
      <Filter>Source Files</Filter>
    </ClCompile>
    <ClCompile Include="src\certs.c">
      <Filter>Source Files</Filter>
    </ClCompile>
    <ClCompile Include="src\cipher.c">
      <Filter>Source Files</Filter>
    </ClCompile>
    <ClCompile Include="src\cipher_wrap.c">
      <Filter>Source Files</Filter>
    </ClCompile>
    <ClCompile Include="src\ctr_drbg.c">
      <Filter>Source Files</Filter>
    </ClCompile>
    <ClCompile Include="src\des.c">
      <Filter>Source Files</Filter>
    </ClCompile>
    <ClCompile Include="src\dhm.c">
      <Filter>Source Files</Filter>
    </ClCompile>
    <ClCompile Include="src\ecdh.c">
      <Filter>Source Files</Filter>
    </ClCompile>
    <ClCompile Include="src\ecdsa.c">
      <Filter>Source Files</Filter>
    </ClCompile>
    <ClCompile Include="src\ecp.c">
      <Filter>Source Files</Filter>
    </ClCompile>
    <ClCompile Include="src\ecp_curves.c">
      <Filter>Source Files</Filter>
    </ClCompile>
    <ClCompile Include="src\entropy.c">
      <Filter>Source Files</Filter>
    </ClCompile>
    <ClCompile Include="src\entropy_poll.c">
      <Filter>Source Files</Filter>
    </ClCompile>
    <ClCompile Include="src\error.c">
      <Filter>Source Files</Filter>
    </ClCompile>
    <ClCompile Include="src\gcm.c">
      <Filter>Source Files</Filter>
    </ClCompile>
    <ClCompile Include="src\havege.c">
      <Filter>Source Files</Filter>
    </ClCompile>
    <ClCompile Include="src\hmac_drbg.c">
      <Filter>Source Files</Filter>
    </ClCompile>
    <ClCompile Include="src\md.c">
      <Filter>Source Files</Filter>
    </ClCompile>
    <ClCompile Include="src\md_wrap.c">
      <Filter>Source Files</Filter>
    </ClCompile>
    <ClCompile Include="src\md2.c">
      <Filter>Source Files</Filter>
    </ClCompile>
    <ClCompile Include="src\md4.c">
      <Filter>Source Files</Filter>
    </ClCompile>
    <ClCompile Include="src\md5.c">
      <Filter>Source Files</Filter>
    </ClCompile>
    <ClCompile Include="src\memory_buffer_alloc.c">
      <Filter>Source Files</Filter>
    </ClCompile>
    <ClCompile Include="src\net.c">
      <Filter>Source Files</Filter>
    </ClCompile>
    <ClCompile Include="src\oid.c">
      <Filter>Source Files</Filter>
    </ClCompile>
    <ClCompile Include="src\padlock.c">
      <Filter>Source Files</Filter>
    </ClCompile>
    <ClCompile Include="src\pem.c">
      <Filter>Source Files</Filter>
    </ClCompile>
    <ClCompile Include="src\pk.c">
      <Filter>Source Files</Filter>
    </ClCompile>
    <ClCompile Include="src\pk_wrap.c">
      <Filter>Source Files</Filter>
    </ClCompile>
    <ClCompile Include="src\pkcs5.c">
      <Filter>Source Files</Filter>
    </ClCompile>
    <ClCompile Include="src\pkcs11.c">
      <Filter>Source Files</Filter>
    </ClCompile>
    <ClCompile Include="src\pkcs12.c">
      <Filter>Source Files</Filter>
    </ClCompile>
    <ClCompile Include="src\pkparse.c">
      <Filter>Source Files</Filter>
    </ClCompile>
    <ClCompile Include="src\pkwrite.c">
      <Filter>Source Files</Filter>
    </ClCompile>
    <ClCompile Include="src\platform.c">
      <Filter>Source Files</Filter>
    </ClCompile>
    <ClCompile Include="src\ripemd160.c">
      <Filter>Source Files</Filter>
    </ClCompile>
    <ClCompile Include="src\rsa.c">
      <Filter>Source Files</Filter>
    </ClCompile>
    <ClCompile Include="src\sha1.c">
      <Filter>Source Files</Filter>
    </ClCompile>
    <ClCompile Include="src\sha256.c">
      <Filter>Source Files</Filter>
    </ClCompile>
    <ClCompile Include="src\sha512.c">
      <Filter>Source Files</Filter>
    </ClCompile>
    <ClCompile Include="src\ssl_bignum.c">
      <Filter>Source Files</Filter>
    </ClCompile>
    <ClCompile Include="src\ssl_cache.c">
      <Filter>Source Files</Filter>
    </ClCompile>
    <ClCompile Include="src\ssl_ciphersuites.c">
      <Filter>Source Files</Filter>
    </ClCompile>
    <ClCompile Include="src\ssl_cli.c">
      <Filter>Source Files</Filter>
    </ClCompile>
    <ClCompile Include="src\ssl_cookie.c">
      <Filter>Source Files</Filter>
    </ClCompile>
    <ClCompile Include="src\ssl_debug.c">
      <Filter>Source Files</Filter>
    </ClCompile>
    <ClCompile Include="src\ssl_srv.c">
      <Filter>Source Files</Filter>
    </ClCompile>
    <ClCompile Include="src\ssl_ticket.c">
      <Filter>Source Files</Filter>
    </ClCompile>
    <ClCompile Include="src\ssl_tls.c">
      <Filter>Source Files</Filter>
    </ClCompile>
    <ClCompile Include="src\ssl_version.c">
      <Filter>Source Files</Filter>
    </ClCompile>
    <ClCompile Include="src\threading.c">
      <Filter>Source Files</Filter>
    </ClCompile>
    <ClCompile Include="src\timing.c">
      <Filter>Source Files</Filter>
    </ClCompile>
    <ClCompile Include="src\version_features.c">
      <Filter>Source Files</Filter>
    </ClCompile>
    <ClCompile Include="src\x509.c">
      <Filter>Source Files</Filter>
    </ClCompile>
    <ClCompile Include="src\x509_create.c">
      <Filter>Source Files</Filter>
    </ClCompile>
    <ClCompile Include="src\x509_crl.c">
      <Filter>Source Files</Filter>
    </ClCompile>
    <ClCompile Include="src\x509_crt.c">
      <Filter>Source Files</Filter>
    </ClCompile>
    <ClCompile Include="src\x509_csr.c">
      <Filter>Source Files</Filter>
    </ClCompile>
    <ClCompile Include="src\x509write_crt.c">
      <Filter>Source Files</Filter>
    </ClCompile>
    <ClCompile Include="src\x509write_csr.c">
      <Filter>Source Files</Filter>
    </ClCompile>
    <ClCompile Include="src\xtea.c">
      <Filter>Source Files</Filter>
    </ClCompile>
  </ItemGroup>
</Project>