<?xml version="1.0" encoding="utf-8"?>
<Project ToolsVersion="4.0" xmlns="http://schemas.microsoft.com/developer/msbuild/2003">
  <ItemGroup>
    <Filter Include="Header Files">
      <UniqueIdentifier>{1680c80b-ff1e-ea4d-9817-cc12254f2e40}</UniqueIdentifier>
    </Filter>
    <Filter Include="Header Files\msgpack">
      <UniqueIdentifier>{3f5317c0-f181-1bcf-9df6-5483040d364e}</UniqueIdentifier>
    </Filter>
    <Filter Include="Header Files\msgpack\adaptor">
      <UniqueIdentifier>{b7c71db3-527e-e8e9-d3bb-d8e3230728d6}</UniqueIdentifier>
    </Filter>
    <Filter Include="Header Files\msgpack\adaptor\boost">
      <UniqueIdentifier>{92e253ef-6c47-2025-37af-8364767374ae}</UniqueIdentifier>
    </Filter>
    <Filter Include="Header Files\msgpack\adaptor\cpp11">
      <UniqueIdentifier>{32da4090-d6b5-f510-2a74-1c7803e34c62}</UniqueIdentifier>
    </Filter>
    <Filter Include="Header Files\msgpack\adaptor\cpp17">
      <UniqueIdentifier>{c6dbf7c2-575e-0408-6ea7-2d43d9d6f5ba}</UniqueIdentifier>
    </Filter>
    <Filter Include="Header Files\msgpack\adaptor\tr1">
      <UniqueIdentifier>{ee4be394-1cb6-9516-e176-8f9f42a4a731}</UniqueIdentifier>
    </Filter>
    <Filter Include="Header Files\msgpack\predef">
      <UniqueIdentifier>{d192b91c-5f7c-7975-9f8e-151dc1fd233c}</UniqueIdentifier>
    </Filter>
    <Filter Include="Header Files\msgpack\predef\architecture">
      <UniqueIdentifier>{38340ad6-07c3-44a3-f243-abc1e813d75d}</UniqueIdentifier>
    </Filter>
    <Filter Include="Header Files\msgpack\predef\architecture\x86">
      <UniqueIdentifier>{45993ee0-8889-639d-abd9-dd4863690da9}</UniqueIdentifier>
    </Filter>
    <Filter Include="Header Files\msgpack\predef\compiler">
      <UniqueIdentifier>{daaa9481-0dc2-d4ed-a033-1f166b302469}</UniqueIdentifier>
    </Filter>
    <Filter Include="Header Files\msgpack\predef\detail">
      <UniqueIdentifier>{7a8de413-ceb1-955a-af7e-b576b9687924}</UniqueIdentifier>
    </Filter>
    <Filter Include="Header Files\msgpack\predef\hardware">
      <UniqueIdentifier>{1fb66fd3-ba0b-d3d7-4b62-4341c096ff3f}</UniqueIdentifier>
    </Filter>
    <Filter Include="Header Files\msgpack\predef\hardware\simd">
      <UniqueIdentifier>{c18393b8-df0c-e961-8733-3982bfb9650f}</UniqueIdentifier>
    </Filter>
    <Filter Include="Header Files\msgpack\predef\hardware\simd\ppc">
      <UniqueIdentifier>{0435c9f1-5363-1294-1820-2f6e503476b4}</UniqueIdentifier>
    </Filter>
    <Filter Include="Header Files\msgpack\predef\hardware\simd\x86">
      <UniqueIdentifier>{6b7a46c0-c7ac-6089-a4e0-9cb11a46a65e}</UniqueIdentifier>
    </Filter>
    <Filter Include="Header Files\msgpack\predef\hardware\simd\x86_amd">
      <UniqueIdentifier>{25f51f8e-f38f-bb18-23e9-be124b82c0f5}</UniqueIdentifier>
    </Filter>
    <Filter Include="Header Files\msgpack\predef\language">
      <UniqueIdentifier>{7257cec1-04b6-29ac-c265-e71f8413c0a3}</UniqueIdentifier>
    </Filter>
    <Filter Include="Header Files\msgpack\predef\library">
      <UniqueIdentifier>{be66bfe9-7cdb-5784-dcd7-36571ff50442}</UniqueIdentifier>
    </Filter>
    <Filter Include="Header Files\msgpack\predef\library\c">
      <UniqueIdentifier>{2f1ab26c-516d-51a9-1df2-292738e0aa5f}</UniqueIdentifier>
    </Filter>
    <Filter Include="Header Files\msgpack\predef\library\std">
      <UniqueIdentifier>{db08b9b5-f477-dfaa-40b0-c8685d0b0a4f}</UniqueIdentifier>
    </Filter>
    <Filter Include="Header Files\msgpack\predef\os">
      <UniqueIdentifier>{63470bd2-3b1c-0d7b-c156-fbefa1a3500f}</UniqueIdentifier>
    </Filter>
    <Filter Include="Header Files\msgpack\predef\os\bsd">
      <UniqueIdentifier>{a9aa8fad-f404-4033-ad77-18f04ee21a4f}</UniqueIdentifier>
    </Filter>
    <Filter Include="Header Files\msgpack\predef\other">
      <UniqueIdentifier>{5e7fcaa8-1bf1-b63d-9b3f-e7e99cb5bca5}</UniqueIdentifier>
    </Filter>
    <Filter Include="Header Files\msgpack\predef\platform">
      <UniqueIdentifier>{ba32a798-a11b-abf0-fa5c-818896ff53dc}</UniqueIdentifier>
    </Filter>
    <Filter Include="Header Files\msgpack\preprocessor">
      <UniqueIdentifier>{948f1972-929f-4ae5-bd72-b1af7aa7abd3}</UniqueIdentifier>
    </Filter>
    <Filter Include="Header Files\msgpack\preprocessor\arithmetic">
      <UniqueIdentifier>{bc6c3e54-5dee-2200-3157-c6cfc6869718}</UniqueIdentifier>
    </Filter>
    <Filter Include="Header Files\msgpack\preprocessor\arithmetic\detail">
      <UniqueIdentifier>{d168168b-47e5-1f13-4f38-f8a6b7fa74a1}</UniqueIdentifier>
    </Filter>
    <Filter Include="Header Files\msgpack\preprocessor\array">
      <UniqueIdentifier>{64260ba4-243b-66b0-fb75-2be22869a60a}</UniqueIdentifier>
    </Filter>
    <Filter Include="Header Files\msgpack\preprocessor\array\detail">
      <UniqueIdentifier>{a33484cd-70c0-8256-3549-4fffb1174c13}</UniqueIdentifier>
    </Filter>
    <Filter Include="Header Files\msgpack\preprocessor\comparison">
      <UniqueIdentifier>{5434a114-180f-cc10-d4fc-480070ee6c01}</UniqueIdentifier>
    </Filter>
    <Filter Include="Header Files\msgpack\preprocessor\config">
      <UniqueIdentifier>{64901f76-b4ec-c0a4-05c8-286306640a6e}</UniqueIdentifier>
    </Filter>
    <Filter Include="Header Files\msgpack\preprocessor\control">
      <UniqueIdentifier>{34d570a4-9522-8dbd-d861-790854043e87}</UniqueIdentifier>
    </Filter>
    <Filter Include="Header Files\msgpack\preprocessor\control\detail">
      <UniqueIdentifier>{a8c69e87-0053-e094-bcd0-a53ab87bcfc6}</UniqueIdentifier>
    </Filter>
    <Filter Include="Header Files\msgpack\preprocessor\control\detail\dmc">
      <UniqueIdentifier>{edf4382d-3b3e-68cc-a4c9-d3849637ad6f}</UniqueIdentifier>
    </Filter>
    <Filter Include="Header Files\msgpack\preprocessor\control\detail\edg">
      <UniqueIdentifier>{989766b8-be96-729d-0435-2cc32c336023}</UniqueIdentifier>
    </Filter>
    <Filter Include="Header Files\msgpack\preprocessor\control\detail\msvc">
      <UniqueIdentifier>{c5ec9d20-ff80-af60-2c8b-160627858c9d}</UniqueIdentifier>
    </Filter>
    <Filter Include="Header Files\msgpack\preprocessor\debug">
      <UniqueIdentifier>{10e1e321-ea98-b554-5a40-97567d1b4b26}</UniqueIdentifier>
    </Filter>
    <Filter Include="Header Files\msgpack\preprocessor\detail">
      <UniqueIdentifier>{0a1452aa-80f1-dca2-9d6f-17327a1f3297}</UniqueIdentifier>
    </Filter>
    <Filter Include="Header Files\msgpack\preprocessor\detail\dmc">
      <UniqueIdentifier>{888dc65d-0435-3829-8935-d669c9000577}</UniqueIdentifier>
    </Filter>
    <Filter Include="Header Files\msgpack\preprocessor\facilities">
      <UniqueIdentifier>{ce59e2bf-046b-e7f1-d9ee-4ff57fdece0e}</UniqueIdentifier>
    </Filter>
    <Filter Include="Header Files\msgpack\preprocessor\facilities\detail">
      <UniqueIdentifier>{b36096c2-3738-d83a-73c6-d55a6e7e3489}</UniqueIdentifier>
    </Filter>
    <Filter Include="Header Files\msgpack\preprocessor\iteration">
      <UniqueIdentifier>{d068bf37-7f14-2464-5015-046758d81b59}</UniqueIdentifier>
    </Filter>
    <Filter Include="Header Files\msgpack\preprocessor\iteration\detail">
      <UniqueIdentifier>{a5e79138-07f2-72eb-22f1-8a66bae0bb7d}</UniqueIdentifier>
    </Filter>
    <Filter Include="Header Files\msgpack\preprocessor\iteration\detail\bounds">
      <UniqueIdentifier>{f075250e-46f9-fef0-26a4-c794419d29ca}</UniqueIdentifier>
    </Filter>
    <Filter Include="Header Files\msgpack\preprocessor\iteration\detail\iter">
      <UniqueIdentifier>{34be1e34-08c6-a0cf-5d60-63514f3224cc}</UniqueIdentifier>
    </Filter>
    <Filter Include="Header Files\msgpack\preprocessor\list">
      <UniqueIdentifier>{57c19c89-4841-3e2e-6d98-1838fd425484}</UniqueIdentifier>
    </Filter>
    <Filter Include="Header Files\msgpack\preprocessor\list\detail">
      <UniqueIdentifier>{7c0a9c52-528a-f456-04a6-d68b3f5e9296}</UniqueIdentifier>
    </Filter>
    <Filter Include="Header Files\msgpack\preprocessor\list\detail\dmc">
      <UniqueIdentifier>{08072348-16d9-6e60-2b12-ffbf9d315733}</UniqueIdentifier>
    </Filter>
    <Filter Include="Header Files\msgpack\preprocessor\list\detail\edg">
      <UniqueIdentifier>{544468db-af7d-3712-2eb0-2f122e111b22}</UniqueIdentifier>
    </Filter>
    <Filter Include="Header Files\msgpack\preprocessor\logical">
      <UniqueIdentifier>{e9f10396-fd4b-2494-8967-50343eb29a3d}</UniqueIdentifier>
    </Filter>
    <Filter Include="Header Files\msgpack\preprocessor\punctuation">
      <UniqueIdentifier>{69cdda0f-91e1-69b8-a497-a8c9e84e9600}</UniqueIdentifier>
    </Filter>
    <Filter Include="Header Files\msgpack\preprocessor\punctuation\detail">
      <UniqueIdentifier>{ae9415e8-6761-832c-0f4f-6e95b5c71932}</UniqueIdentifier>
    </Filter>
    <Filter Include="Header Files\msgpack\preprocessor\repetition">
      <UniqueIdentifier>{33449b05-c490-7026-7dbf-47090cdc5355}</UniqueIdentifier>
    </Filter>
    <Filter Include="Header Files\msgpack\preprocessor\repetition\detail">
      <UniqueIdentifier>{3cc63ea8-8625-e27d-593a-0abd6e664398}</UniqueIdentifier>
    </Filter>
    <Filter Include="Header Files\msgpack\preprocessor\repetition\detail\dmc">
      <UniqueIdentifier>{8d28c424-9b85-4aaf-d807-459571880095}</UniqueIdentifier>
    </Filter>
    <Filter Include="Header Files\msgpack\preprocessor\repetition\detail\edg">
      <UniqueIdentifier>{c240daa9-c492-9f3d-6127-2e8a88a3d69d}</UniqueIdentifier>
    </Filter>
    <Filter Include="Header Files\msgpack\preprocessor\repetition\detail\msvc">
      <UniqueIdentifier>{171f6f67-dd2b-e60d-3b75-b6091c01df31}</UniqueIdentifier>
    </Filter>
    <Filter Include="Header Files\msgpack\preprocessor\selection">
      <UniqueIdentifier>{086a2fbf-cd03-cdba-6429-bb6e531bc952}</UniqueIdentifier>
    </Filter>
    <Filter Include="Header Files\msgpack\preprocessor\seq">
      <UniqueIdentifier>{f7b3dd0a-044f-b441-db97-6594c0da0d2d}</UniqueIdentifier>
    </Filter>
    <Filter Include="Header Files\msgpack\preprocessor\seq\detail">
      <UniqueIdentifier>{71928af5-cb5f-9266-68c3-a499e212fa9b}</UniqueIdentifier>
    </Filter>
    <Filter Include="Header Files\msgpack\preprocessor\slot">
      <UniqueIdentifier>{99080aa8-2807-77e5-f0a1-02b2d97c39e6}</UniqueIdentifier>
    </Filter>
    <Filter Include="Header Files\msgpack\preprocessor\slot\detail">
      <UniqueIdentifier>{9c7b2f18-bf1b-95b4-8a34-9cc5d773a071}</UniqueIdentifier>
    </Filter>
    <Filter Include="Header Files\msgpack\preprocessor\tuple">
      <UniqueIdentifier>{0d5d13b4-1a56-90c5-92ab-7b251135b8d5}</UniqueIdentifier>
    </Filter>
    <Filter Include="Header Files\msgpack\preprocessor\tuple\detail">
      <UniqueIdentifier>{b0359a6c-47b6-a17b-6f89-13f38e7d7ea2}</UniqueIdentifier>
    </Filter>
    <Filter Include="Header Files\msgpack\preprocessor\variadic">
      <UniqueIdentifier>{4d3bad98-9f59-a06e-9439-426c8e6eca6b}</UniqueIdentifier>
    </Filter>
    <Filter Include="Header Files\msgpack\preprocessor\variadic\detail">
      <UniqueIdentifier>{37f60be4-c989-d863-081c-eabf0014501c}</UniqueIdentifier>
    </Filter>
    <Filter Include="Header Files\msgpack\v1">
      <UniqueIdentifier>{2918f9ed-a5a9-f15f-33c4-eb2a33049f55}</UniqueIdentifier>
    </Filter>
    <Filter Include="Header Files\msgpack\v1\adaptor">
      <UniqueIdentifier>{22316601-5ffb-1e82-1b3a-b3c427503fc9}</UniqueIdentifier>
    </Filter>
    <Filter Include="Header Files\msgpack\v1\adaptor\boost">
      <UniqueIdentifier>{b6d169cf-66fc-e2e7-c6d5-d9338b83df1d}</UniqueIdentifier>
    </Filter>
    <Filter Include="Header Files\msgpack\v1\adaptor\cpp11">
      <UniqueIdentifier>{a0af45d9-0411-9a34-93c1-8c4f301fc533}</UniqueIdentifier>
    </Filter>
    <Filter Include="Header Files\msgpack\v1\adaptor\cpp17">
      <UniqueIdentifier>{03c92d28-4d10-256a-9470-2088de7056e9}</UniqueIdentifier>
    </Filter>
    <Filter Include="Header Files\msgpack\v1\adaptor\detail">
      <UniqueIdentifier>{62cda5d9-71ec-92cf-300c-f08b42579dfa}</UniqueIdentifier>
    </Filter>
    <Filter Include="Header Files\msgpack\v1\adaptor\tr1">
      <UniqueIdentifier>{56fed243-fa94-71d9-d534-38db7dbd3b48}</UniqueIdentifier>
    </Filter>
    <Filter Include="Header Files\msgpack\v1\detail">
      <UniqueIdentifier>{362ecae2-d20e-2f7f-2b30-dcf35cf2aee1}</UniqueIdentifier>
    </Filter>
    <Filter Include="Header Files\msgpack\v2">
      <UniqueIdentifier>{d253cd65-f0f2-b3e0-e095-ad56cb265336}</UniqueIdentifier>
    </Filter>
    <Filter Include="Header Files\msgpack\v2\adaptor">
      <UniqueIdentifier>{d5718915-32dd-2b2f-66c8-0b5d0429bf86}</UniqueIdentifier>
    </Filter>
    <Filter Include="Header Files\msgpack\v2\adaptor\boost">
      <UniqueIdentifier>{34cb1304-8449-454f-a6c3-97372f49a990}</UniqueIdentifier>
    </Filter>
    <Filter Include="Header Files\msgpack\v2\adaptor\detail">
      <UniqueIdentifier>{9e3c925b-84ae-7332-6210-90c7efa3be8a}</UniqueIdentifier>
    </Filter>
    <Filter Include="Header Files\msgpack\v2\detail">
      <UniqueIdentifier>{dda73f22-38ab-69a9-0033-d1218084a2eb}</UniqueIdentifier>
    </Filter>
    <Filter Include="Header Files\msgpack\v3">
      <UniqueIdentifier>{09bd8af2-200b-5165-888c-f3e4a593b09f}</UniqueIdentifier>
    </Filter>
    <Filter Include="Header Files\msgpack\v3\adaptor">
      <UniqueIdentifier>{a13b4e4e-a5c6-7598-7f62-9947164e3eb6}</UniqueIdentifier>
    </Filter>
    <Filter Include="Header Files\msgpack\v3\adaptor\boost">
      <UniqueIdentifier>{c655e1ba-97f2-1253-c179-c3ec6d464a18}</UniqueIdentifier>
    </Filter>
    <Filter Include="Header Files\msgpack\v3\adaptor\detail">
      <UniqueIdentifier>{b35e7814-0972-c0da-50ab-586a24aeb6de}</UniqueIdentifier>
    </Filter>
    <Filter Include="Header Files\msgpack\v3\detail">
      <UniqueIdentifier>{7a7bafd8-73d9-db64-cf5f-92d2969539ae}</UniqueIdentifier>
    </Filter>
    <Filter Include="Source Files">
      <UniqueIdentifier>{ba03e055-4fa2-fce3-8a1c-d348547d379c}</UniqueIdentifier>
    </Filter>
  </ItemGroup>
  <ItemGroup>
    <ClInclude Include="include\msgpack.h">
      <Filter>Header Files</Filter>
    </ClInclude>
    <ClInclude Include="include\msgpack\fbuffer.h">
      <Filter>Header Files\msgpack</Filter>
    </ClInclude>
    <ClInclude Include="include\msgpack\gcc_atomic.h">
      <Filter>Header Files\msgpack</Filter>
    </ClInclude>
    <ClInclude Include="include\msgpack\object.h">
      <Filter>Header Files\msgpack</Filter>
    </ClInclude>
    <ClInclude Include="include\msgpack\pack.h">
      <Filter>Header Files\msgpack</Filter>
    </ClInclude>
    <ClInclude Include="include\msgpack\pack_define.h">
      <Filter>Header Files\msgpack</Filter>
    </ClInclude>
    <ClInclude Include="include\msgpack\pack_template.h">
      <Filter>Header Files\msgpack</Filter>
    </ClInclude>
    <ClInclude Include="include\msgpack\predef.h">
      <Filter>Header Files\msgpack</Filter>
    </ClInclude>
    <ClInclude Include="include\msgpack\predef\architecture.h">
      <Filter>Header Files\msgpack\predef</Filter>
    </ClInclude>
    <ClInclude Include="include\msgpack\predef\architecture\alpha.h">
      <Filter>Header Files\msgpack\predef\architecture</Filter>
    </ClInclude>
    <ClInclude Include="include\msgpack\predef\architecture\arm.h">
      <Filter>Header Files\msgpack\predef\architecture</Filter>
    </ClInclude>
    <ClInclude Include="include\msgpack\predef\architecture\blackfin.h">
      <Filter>Header Files\msgpack\predef\architecture</Filter>
    </ClInclude>
    <ClInclude Include="include\msgpack\predef\architecture\convex.h">
      <Filter>Header Files\msgpack\predef\architecture</Filter>
    </ClInclude>
    <ClInclude Include="include\msgpack\predef\architecture\ia64.h">
      <Filter>Header Files\msgpack\predef\architecture</Filter>
    </ClInclude>
    <ClInclude Include="include\msgpack\predef\architecture\m68k.h">
      <Filter>Header Files\msgpack\predef\architecture</Filter>
    </ClInclude>
    <ClInclude Include="include\msgpack\predef\architecture\mips.h">
      <Filter>Header Files\msgpack\predef\architecture</Filter>
    </ClInclude>
    <ClInclude Include="include\msgpack\predef\architecture\parisc.h">
      <Filter>Header Files\msgpack\predef\architecture</Filter>
    </ClInclude>
    <ClInclude Include="include\msgpack\predef\architecture\ppc.h">
      <Filter>Header Files\msgpack\predef\architecture</Filter>
    </ClInclude>
    <ClInclude Include="include\msgpack\predef\architecture\ptx.h">
      <Filter>Header Files\msgpack\predef\architecture</Filter>
    </ClInclude>
    <ClInclude Include="include\msgpack\predef\architecture\pyramid.h">
      <Filter>Header Files\msgpack\predef\architecture</Filter>
    </ClInclude>
    <ClInclude Include="include\msgpack\predef\architecture\rs6k.h">
      <Filter>Header Files\msgpack\predef\architecture</Filter>
    </ClInclude>
    <ClInclude Include="include\msgpack\predef\architecture\sparc.h">
      <Filter>Header Files\msgpack\predef\architecture</Filter>
    </ClInclude>
    <ClInclude Include="include\msgpack\predef\architecture\superh.h">
      <Filter>Header Files\msgpack\predef\architecture</Filter>
    </ClInclude>
    <ClInclude Include="include\msgpack\predef\architecture\sys370.h">
      <Filter>Header Files\msgpack\predef\architecture</Filter>
    </ClInclude>
    <ClInclude Include="include\msgpack\predef\architecture\sys390.h">
      <Filter>Header Files\msgpack\predef\architecture</Filter>
    </ClInclude>
    <ClInclude Include="include\msgpack\predef\architecture\x86.h">
      <Filter>Header Files\msgpack\predef\architecture</Filter>
    </ClInclude>
    <ClInclude Include="include\msgpack\predef\architecture\x86\32.h">
      <Filter>Header Files\msgpack\predef\architecture\x86</Filter>
    </ClInclude>
    <ClInclude Include="include\msgpack\predef\architecture\x86\64.h">
      <Filter>Header Files\msgpack\predef\architecture\x86</Filter>
    </ClInclude>
    <ClInclude Include="include\msgpack\predef\architecture\z.h">
      <Filter>Header Files\msgpack\predef\architecture</Filter>
    </ClInclude>
    <ClInclude Include="include\msgpack\predef\compiler.h">
      <Filter>Header Files\msgpack\predef</Filter>
    </ClInclude>
    <ClInclude Include="include\msgpack\predef\compiler\borland.h">
      <Filter>Header Files\msgpack\predef\compiler</Filter>
    </ClInclude>
    <ClInclude Include="include\msgpack\predef\compiler\clang.h">
      <Filter>Header Files\msgpack\predef\compiler</Filter>
    </ClInclude>
    <ClInclude Include="include\msgpack\predef\compiler\comeau.h">
      <Filter>Header Files\msgpack\predef\compiler</Filter>
    </ClInclude>
    <ClInclude Include="include\msgpack\predef\compiler\compaq.h">
      <Filter>Header Files\msgpack\predef\compiler</Filter>
    </ClInclude>
    <ClInclude Include="include\msgpack\predef\compiler\diab.h">
      <Filter>Header Files\msgpack\predef\compiler</Filter>
    </ClInclude>
    <ClInclude Include="include\msgpack\predef\compiler\digitalmars.h">
      <Filter>Header Files\msgpack\predef\compiler</Filter>
    </ClInclude>
    <ClInclude Include="include\msgpack\predef\compiler\dignus.h">
      <Filter>Header Files\msgpack\predef\compiler</Filter>
    </ClInclude>
    <ClInclude Include="include\msgpack\predef\compiler\edg.h">
      <Filter>Header Files\msgpack\predef\compiler</Filter>
    </ClInclude>
    <ClInclude Include="include\msgpack\predef\compiler\ekopath.h">
      <Filter>Header Files\msgpack\predef\compiler</Filter>
    </ClInclude>
    <ClInclude Include="include\msgpack\predef\compiler\gcc.h">
      <Filter>Header Files\msgpack\predef\compiler</Filter>
    </ClInclude>
    <ClInclude Include="include\msgpack\predef\compiler\gcc_xml.h">
      <Filter>Header Files\msgpack\predef\compiler</Filter>
    </ClInclude>
    <ClInclude Include="include\msgpack\predef\compiler\greenhills.h">
      <Filter>Header Files\msgpack\predef\compiler</Filter>
    </ClInclude>
    <ClInclude Include="include\msgpack\predef\compiler\hp_acc.h">
      <Filter>Header Files\msgpack\predef\compiler</Filter>
    </ClInclude>
    <ClInclude Include="include\msgpack\predef\compiler\iar.h">
      <Filter>Header Files\msgpack\predef\compiler</Filter>
    </ClInclude>
    <ClInclude Include="include\msgpack\predef\compiler\ibm.h">
      <Filter>Header Files\msgpack\predef\compiler</Filter>
    </ClInclude>
    <ClInclude Include="include\msgpack\predef\compiler\intel.h">
      <Filter>Header Files\msgpack\predef\compiler</Filter>
    </ClInclude>
    <ClInclude Include="include\msgpack\predef\compiler\kai.h">
      <Filter>Header Files\msgpack\predef\compiler</Filter>
    </ClInclude>
    <ClInclude Include="include\msgpack\predef\compiler\llvm.h">
      <Filter>Header Files\msgpack\predef\compiler</Filter>
    </ClInclude>
    <ClInclude Include="include\msgpack\predef\compiler\metaware.h">
      <Filter>Header Files\msgpack\predef\compiler</Filter>
    </ClInclude>
    <ClInclude Include="include\msgpack\predef\compiler\metrowerks.h">
      <Filter>Header Files\msgpack\predef\compiler</Filter>
    </ClInclude>
    <ClInclude Include="include\msgpack\predef\compiler\microtec.h">
      <Filter>Header Files\msgpack\predef\compiler</Filter>
    </ClInclude>
    <ClInclude Include="include\msgpack\predef\compiler\mpw.h">
      <Filter>Header Files\msgpack\predef\compiler</Filter>
    </ClInclude>
    <ClInclude Include="include\msgpack\predef\compiler\nvcc.h">
      <Filter>Header Files\msgpack\predef\compiler</Filter>
    </ClInclude>
    <ClInclude Include="include\msgpack\predef\compiler\palm.h">
      <Filter>Header Files\msgpack\predef\compiler</Filter>
    </ClInclude>
    <ClInclude Include="include\msgpack\predef\compiler\pgi.h">
      <Filter>Header Files\msgpack\predef\compiler</Filter>
    </ClInclude>
    <ClInclude Include="include\msgpack\predef\compiler\sgi_mipspro.h">
      <Filter>Header Files\msgpack\predef\compiler</Filter>
    </ClInclude>
    <ClInclude Include="include\msgpack\predef\compiler\sunpro.h">
      <Filter>Header Files\msgpack\predef\compiler</Filter>
    </ClInclude>
    <ClInclude Include="include\msgpack\predef\compiler\tendra.h">
      <Filter>Header Files\msgpack\predef\compiler</Filter>
    </ClInclude>
    <ClInclude Include="include\msgpack\predef\compiler\visualc.h">
      <Filter>Header Files\msgpack\predef\compiler</Filter>
    </ClInclude>
    <ClInclude Include="include\msgpack\predef\compiler\watcom.h">
      <Filter>Header Files\msgpack\predef\compiler</Filter>
    </ClInclude>
    <ClInclude Include="include\msgpack\predef\detail\_cassert.h">
      <Filter>Header Files\msgpack\predef\detail</Filter>
    </ClInclude>
    <ClInclude Include="include\msgpack\predef\detail\_exception.h">
      <Filter>Header Files\msgpack\predef\detail</Filter>
    </ClInclude>
    <ClInclude Include="include\msgpack\predef\detail\comp_detected.h">
      <Filter>Header Files\msgpack\predef\detail</Filter>
    </ClInclude>
    <ClInclude Include="include\msgpack\predef\detail\endian_compat.h">
      <Filter>Header Files\msgpack\predef\detail</Filter>
    </ClInclude>
    <ClInclude Include="include\msgpack\predef\detail\os_detected.h">
      <Filter>Header Files\msgpack\predef\detail</Filter>
    </ClInclude>
    <ClInclude Include="include\msgpack\predef\detail\platform_detected.h">
      <Filter>Header Files\msgpack\predef\detail</Filter>
    </ClInclude>
    <ClInclude Include="include\msgpack\predef\detail\test.h">
      <Filter>Header Files\msgpack\predef\detail</Filter>
    </ClInclude>
    <ClInclude Include="include\msgpack\predef\detail\test_def.h">
      <Filter>Header Files\msgpack\predef\detail</Filter>
    </ClInclude>
    <ClInclude Include="include\msgpack\predef\hardware.h">
      <Filter>Header Files\msgpack\predef</Filter>
    </ClInclude>
    <ClInclude Include="include\msgpack\predef\hardware\simd.h">
      <Filter>Header Files\msgpack\predef\hardware</Filter>
    </ClInclude>
    <ClInclude Include="include\msgpack\predef\hardware\simd\arm.h">
      <Filter>Header Files\msgpack\predef\hardware\simd</Filter>
    </ClInclude>
    <ClInclude Include="include\msgpack\predef\hardware\simd\ppc.h">
      <Filter>Header Files\msgpack\predef\hardware\simd</Filter>
    </ClInclude>
    <ClInclude Include="include\msgpack\predef\hardware\simd\ppc\versions.h">
      <Filter>Header Files\msgpack\predef\hardware\simd\ppc</Filter>
    </ClInclude>
    <ClInclude Include="include\msgpack\predef\hardware\simd\x86.h">
      <Filter>Header Files\msgpack\predef\hardware\simd</Filter>
    </ClInclude>
    <ClInclude Include="include\msgpack\predef\hardware\simd\x86\versions.h">
      <Filter>Header Files\msgpack\predef\hardware\simd\x86</Filter>
    </ClInclude>
    <ClInclude Include="include\msgpack\predef\hardware\simd\x86_amd.h">
      <Filter>Header Files\msgpack\predef\hardware\simd</Filter>
    </ClInclude>
    <ClInclude Include="include\msgpack\predef\hardware\simd\x86_amd\versions.h">
      <Filter>Header Files\msgpack\predef\hardware\simd\x86_amd</Filter>
    </ClInclude>
    <ClInclude Include="include\msgpack\predef\language.h">
      <Filter>Header Files\msgpack\predef</Filter>
    </ClInclude>
    <ClInclude Include="include\msgpack\predef\language\cuda.h">
      <Filter>Header Files\msgpack\predef\language</Filter>
    </ClInclude>
    <ClInclude Include="include\msgpack\predef\language\objc.h">
      <Filter>Header Files\msgpack\predef\language</Filter>
    </ClInclude>
    <ClInclude Include="include\msgpack\predef\language\stdc.h">
      <Filter>Header Files\msgpack\predef\language</Filter>
    </ClInclude>
    <ClInclude Include="include\msgpack\predef\language\stdcpp.h">
      <Filter>Header Files\msgpack\predef\language</Filter>
    </ClInclude>
    <ClInclude Include="include\msgpack\predef\library.h">
      <Filter>Header Files\msgpack\predef</Filter>
    </ClInclude>
    <ClInclude Include="include\msgpack\predef\library\c.h">
      <Filter>Header Files\msgpack\predef\library</Filter>
    </ClInclude>
    <ClInclude Include="include\msgpack\predef\library\c\_prefix.h">
      <Filter>Header Files\msgpack\predef\library\c</Filter>
    </ClInclude>
    <ClInclude Include="include\msgpack\predef\library\c\cloudabi.h">
      <Filter>Header Files\msgpack\predef\library\c</Filter>
    </ClInclude>
    <ClInclude Include="include\msgpack\predef\library\c\gnu.h">
      <Filter>Header Files\msgpack\predef\library\c</Filter>
    </ClInclude>
    <ClInclude Include="include\msgpack\predef\library\c\uc.h">
      <Filter>Header Files\msgpack\predef\library\c</Filter>
    </ClInclude>
    <ClInclude Include="include\msgpack\predef\library\c\vms.h">
      <Filter>Header Files\msgpack\predef\library\c</Filter>
    </ClInclude>
    <ClInclude Include="include\msgpack\predef\library\c\zos.h">
      <Filter>Header Files\msgpack\predef\library\c</Filter>
    </ClInclude>
    <ClInclude Include="include\msgpack\predef\library\std.h">
      <Filter>Header Files\msgpack\predef\library</Filter>
    </ClInclude>
    <ClInclude Include="include\msgpack\predef\library\std\_prefix.h">
      <Filter>Header Files\msgpack\predef\library\std</Filter>
    </ClInclude>
    <ClInclude Include="include\msgpack\predef\library\std\cxx.h">
      <Filter>Header Files\msgpack\predef\library\std</Filter>
    </ClInclude>
    <ClInclude Include="include\msgpack\predef\library\std\dinkumware.h">
      <Filter>Header Files\msgpack\predef\library\std</Filter>
    </ClInclude>
    <ClInclude Include="include\msgpack\predef\library\std\libcomo.h">
      <Filter>Header Files\msgpack\predef\library\std</Filter>
    </ClInclude>
    <ClInclude Include="include\msgpack\predef\library\std\modena.h">
      <Filter>Header Files\msgpack\predef\library\std</Filter>
    </ClInclude>
    <ClInclude Include="include\msgpack\predef\library\std\msl.h">
      <Filter>Header Files\msgpack\predef\library\std</Filter>
    </ClInclude>
    <ClInclude Include="include\msgpack\predef\library\std\roguewave.h">
      <Filter>Header Files\msgpack\predef\library\std</Filter>
    </ClInclude>
    <ClInclude Include="include\msgpack\predef\library\std\sgi.h">
      <Filter>Header Files\msgpack\predef\library\std</Filter>
    </ClInclude>
    <ClInclude Include="include\msgpack\predef\library\std\stdcpp3.h">
      <Filter>Header Files\msgpack\predef\library\std</Filter>
    </ClInclude>
    <ClInclude Include="include\msgpack\predef\library\std\stlport.h">
      <Filter>Header Files\msgpack\predef\library\std</Filter>
    </ClInclude>
    <ClInclude Include="include\msgpack\predef\library\std\vacpp.h">
      <Filter>Header Files\msgpack\predef\library\std</Filter>
    </ClInclude>
    <ClInclude Include="include\msgpack\predef\make.h">
      <Filter>Header Files\msgpack\predef</Filter>
    </ClInclude>
    <ClInclude Include="include\msgpack\predef\os.h">
      <Filter>Header Files\msgpack\predef</Filter>
    </ClInclude>
    <ClInclude Include="include\msgpack\predef\os\aix.h">
      <Filter>Header Files\msgpack\predef\os</Filter>
    </ClInclude>
    <ClInclude Include="include\msgpack\predef\os\amigaos.h">
      <Filter>Header Files\msgpack\predef\os</Filter>
    </ClInclude>
    <ClInclude Include="include\msgpack\predef\os\android.h">
      <Filter>Header Files\msgpack\predef\os</Filter>
    </ClInclude>
    <ClInclude Include="include\msgpack\predef\os\beos.h">
      <Filter>Header Files\msgpack\predef\os</Filter>
    </ClInclude>
    <ClInclude Include="include\msgpack\predef\os\bsd.h">
      <Filter>Header Files\msgpack\predef\os</Filter>
    </ClInclude>
    <ClInclude Include="include\msgpack\predef\os\bsd\bsdi.h">
      <Filter>Header Files\msgpack\predef\os\bsd</Filter>
    </ClInclude>
    <ClInclude Include="include\msgpack\predef\os\bsd\dragonfly.h">
      <Filter>Header Files\msgpack\predef\os\bsd</Filter>
    </ClInclude>
    <ClInclude Include="include\msgpack\predef\os\bsd\free.h">
      <Filter>Header Files\msgpack\predef\os\bsd</Filter>
    </ClInclude>
    <ClInclude Include="include\msgpack\predef\os\bsd\net.h">
      <Filter>Header Files\msgpack\predef\os\bsd</Filter>
    </ClInclude>
    <ClInclude Include="include\msgpack\predef\os\bsd\open.h">
      <Filter>Header Files\msgpack\predef\os\bsd</Filter>
    </ClInclude>
    <ClInclude Include="include\msgpack\predef\os\cygwin.h">
      <Filter>Header Files\msgpack\predef\os</Filter>
    </ClInclude>
    <ClInclude Include="include\msgpack\predef\os\haiku.h">
      <Filter>Header Files\msgpack\predef\os</Filter>
    </ClInclude>
    <ClInclude Include="include\msgpack\predef\os\hpux.h">
      <Filter>Header Files\msgpack\predef\os</Filter>
    </ClInclude>
    <ClInclude Include="include\msgpack\predef\os\ios.h">
      <Filter>Header Files\msgpack\predef\os</Filter>
    </ClInclude>
    <ClInclude Include="include\msgpack\predef\os\irix.h">
      <Filter>Header Files\msgpack\predef\os</Filter>
    </ClInclude>
    <ClInclude Include="include\msgpack\predef\os\linux.h">
      <Filter>Header Files\msgpack\predef\os</Filter>
    </ClInclude>
    <ClInclude Include="include\msgpack\predef\os\macos.h">
      <Filter>Header Files\msgpack\predef\os</Filter>
    </ClInclude>
    <ClInclude Include="include\msgpack\predef\os\os400.h">
      <Filter>Header Files\msgpack\predef\os</Filter>
    </ClInclude>
    <ClInclude Include="include\msgpack\predef\os\qnxnto.h">
      <Filter>Header Files\msgpack\predef\os</Filter>
    </ClInclude>
    <ClInclude Include="include\msgpack\predef\os\solaris.h">
      <Filter>Header Files\msgpack\predef\os</Filter>
    </ClInclude>
    <ClInclude Include="include\msgpack\predef\os\unix.h">
      <Filter>Header Files\msgpack\predef\os</Filter>
    </ClInclude>
    <ClInclude Include="include\msgpack\predef\os\vms.h">
      <Filter>Header Files\msgpack\predef\os</Filter>
    </ClInclude>
    <ClInclude Include="include\msgpack\predef\os\windows.h">
      <Filter>Header Files\msgpack\predef\os</Filter>
    </ClInclude>
    <ClInclude Include="include\msgpack\predef\other.h">
      <Filter>Header Files\msgpack\predef</Filter>
    </ClInclude>
    <ClInclude Include="include\msgpack\predef\other\endian.h">
      <Filter>Header Files\msgpack\predef\other</Filter>
    </ClInclude>
    <ClInclude Include="include\msgpack\predef\other\workaround.h">
      <Filter>Header Files\msgpack\predef\other</Filter>
    </ClInclude>
    <ClInclude Include="include\msgpack\predef\platform.h">
      <Filter>Header Files\msgpack\predef</Filter>
    </ClInclude>
    <ClInclude Include="include\msgpack\predef\platform\cloudabi.h">
      <Filter>Header Files\msgpack\predef\platform</Filter>
    </ClInclude>
    <ClInclude Include="include\msgpack\predef\platform\ios.h">
      <Filter>Header Files\msgpack\predef\platform</Filter>
    </ClInclude>
    <ClInclude Include="include\msgpack\predef\platform\mingw.h">
      <Filter>Header Files\msgpack\predef\platform</Filter>
    </ClInclude>
    <ClInclude Include="include\msgpack\predef\platform\mingw32.h">
      <Filter>Header Files\msgpack\predef\platform</Filter>
    </ClInclude>
    <ClInclude Include="include\msgpack\predef\platform\mingw64.h">
      <Filter>Header Files\msgpack\predef\platform</Filter>
    </ClInclude>
    <ClInclude Include="include\msgpack\predef\platform\windows_desktop.h">
      <Filter>Header Files\msgpack\predef\platform</Filter>
    </ClInclude>
    <ClInclude Include="include\msgpack\predef\platform\windows_phone.h">
      <Filter>Header Files\msgpack\predef\platform</Filter>
    </ClInclude>
    <ClInclude Include="include\msgpack\predef\platform\windows_runtime.h">
      <Filter>Header Files\msgpack\predef\platform</Filter>
    </ClInclude>
    <ClInclude Include="include\msgpack\predef\platform\windows_server.h">
      <Filter>Header Files\msgpack\predef\platform</Filter>
    </ClInclude>
    <ClInclude Include="include\msgpack\predef\platform\windows_store.h">
      <Filter>Header Files\msgpack\predef\platform</Filter>
    </ClInclude>
    <ClInclude Include="include\msgpack\predef\platform\windows_system.h">
      <Filter>Header Files\msgpack\predef\platform</Filter>
    </ClInclude>
    <ClInclude Include="include\msgpack\predef\platform\windows_uwp.h">
      <Filter>Header Files\msgpack\predef\platform</Filter>
    </ClInclude>
    <ClInclude Include="include\msgpack\predef\version.h">
      <Filter>Header Files\msgpack\predef</Filter>
    </ClInclude>
    <ClInclude Include="include\msgpack\predef\version_number.h">
      <Filter>Header Files\msgpack\predef</Filter>
    </ClInclude>
    <ClInclude Include="include\msgpack\sbuffer.h">
      <Filter>Header Files\msgpack</Filter>
    </ClInclude>
    <ClInclude Include="include\msgpack\sysdep.h">
      <Filter>Header Files\msgpack</Filter>
    </ClInclude>
    <ClInclude Include="include\msgpack\timestamp.h">
      <Filter>Header Files\msgpack</Filter>
    </ClInclude>
    <ClInclude Include="include\msgpack\unpack.h">
      <Filter>Header Files\msgpack</Filter>
    </ClInclude>
    <ClInclude Include="include\msgpack\unpack_define.h">
      <Filter>Header Files\msgpack</Filter>
    </ClInclude>
    <ClInclude Include="include\msgpack\unpack_template.h">
      <Filter>Header Files\msgpack</Filter>
    </ClInclude>
    <ClInclude Include="include\msgpack\util.h">
      <Filter>Header Files\msgpack</Filter>
    </ClInclude>
    <ClInclude Include="include\msgpack\version.h">
      <Filter>Header Files\msgpack</Filter>
    </ClInclude>
    <ClInclude Include="include\msgpack\version_master.h">
      <Filter>Header Files\msgpack</Filter>
    </ClInclude>
    <ClInclude Include="include\msgpack\vrefbuffer.h">
      <Filter>Header Files\msgpack</Filter>
    </ClInclude>
    <ClInclude Include="include\msgpack\zbuffer.h">
      <Filter>Header Files\msgpack</Filter>
    </ClInclude>
    <ClInclude Include="include\msgpack\zone.h">
      <Filter>Header Files\msgpack</Filter>
    </ClInclude>
  </ItemGroup>
  <ItemGroup>
    <ClCompile Include="src\objectc.c">
      <Filter>Source Files</Filter>
    </ClCompile>
    <ClCompile Include="src\unpack.c">
      <Filter>Source Files</Filter>
    </ClCompile>
    <ClCompile Include="src\version.c">
      <Filter>Source Files</Filter>
    </ClCompile>
    <ClCompile Include="src\vrefbuffer.c">
      <Filter>Source Files</Filter>
    </ClCompile>
    <ClCompile Include="src\zone.c">
      <Filter>Source Files</Filter>
    </ClCompile>
  </ItemGroup>
</Project>